PODS:
  - Alamofire (5.2.1)
  - PhoneNumberKit (3.2.0):
    - PhoneNumberKit/PhoneNumberKitCore (= 3.2.0)
    - PhoneNumberKit/UIKit (= 3.2.0)
  - PhoneNumberKit/PhoneNumberKitCore (3.2.0)
  - PhoneNumberKit/UIKit (3.2.0):
    - PhoneNumberKit/PhoneNumberKitCore

DEPENDENCIES:
  - Alamofire (~> 5.1)
  - PhoneNumberKit (~> 3.1)

SPEC REPOS:
  trunk:
    - Alamofire
    - PhoneNumberKit

SPEC CHECKSUMS:
  Alamofire: e911732990610fe89af59ac0077f923d72dc3dfd
  PhoneNumberKit: df411d46177d1492da84e10b6c093846dd861452

PODFILE CHECKSUM: 82f6806a93bec21b4650612f2aed074e27fc9ed4

COCOAPODS: 1.9.1
