// !$*UTF8*$!
{
	archiveVersion = 1;
	classes = {
	};
	objectVersion = 52;
	objects = {

/* Begin PBXBuildFile section */
		C34D078124F414140059F38D /* AddaNetworking in Frameworks */ = {isa = PBXBuildFile; productRef = C34D078024F414140059F38D /* AddaNetworking */; };
		C34D078424F4355B0059F38D /* PhoneNumberKit in Frameworks */ = {isa = PBXBuildFile; productRef = C34D078324F4355B0059F38D /* PhoneNumberKit */; };
		C34D078724F443F30059F38D /* PhoneNumberMetadata.json in Resources */ = {isa = PBXBuildFile; fileRef = C34D078624F443F30059F38D /* PhoneNumberMetadata.json */; };
		C34D078A24F445270059F38D /* LoginAndVerificationResponse.swift in Sources */ = {isa = PBXBuildFile; fileRef = C34D078924F445270059F38D /* LoginAndVerificationResponse.swift */; };
		C3605B4D24EEFC4E002044C3 /* UesrAPI.swift in Sources */ = {isa = PBXBuildFile; fileRef = C3605B4C24EEFC4E002044C3 /* UesrAPI.swift */; };
		C3823CBF24D991E4007F6DEA /* CardView.swift in Sources */ = {isa = PBXBuildFile; fileRef = C3823CBE24D991E4007F6DEA /* CardView.swift */; };
		C3823CC224D9C423007F6DEA /* AuthViewModel.swift in Sources */ = {isa = PBXBuildFile; fileRef = C3823CC124D9C423007F6DEA /* AuthViewModel.swift */; };
		C3E20A6324B9DB9300B3B8F7 /* AppDelegate.swift in Sources */ = {isa = PBXBuildFile; fileRef = C3E20A6224B9DB9300B3B8F7 /* AppDelegate.swift */; };
		C3E20A6524B9DB9300B3B8F7 /* SceneDelegate.swift in Sources */ = {isa = PBXBuildFile; fileRef = C3E20A6424B9DB9300B3B8F7 /* SceneDelegate.swift */; };
		C3E20A6724B9DB9300B3B8F7 /* ContentView.swift in Sources */ = {isa = PBXBuildFile; fileRef = C3E20A6624B9DB9300B3B8F7 /* ContentView.swift */; };
		C3E20A6924B9DB9500B3B8F7 /* Assets.xcassets in Resources */ = {isa = PBXBuildFile; fileRef = C3E20A6824B9DB9500B3B8F7 /* Assets.xcassets */; };
		C3E20A6C24B9DB9500B3B8F7 /* Preview Assets.xcassets in Resources */ = {isa = PBXBuildFile; fileRef = C3E20A6B24B9DB9500B3B8F7 /* Preview Assets.xcassets */; };
		C3E20A6F24B9DB9500B3B8F7 /* LaunchScreen.storyboard in Resources */ = {isa = PBXBuildFile; fileRef = C3E20A6D24B9DB9500B3B8F7 /* LaunchScreen.storyboard */; };
		C3E20A7A24B9DB9500B3B8F7 /* AddaMeIOSTests.swift in Sources */ = {isa = PBXBuildFile; fileRef = C3E20A7924B9DB9500B3B8F7 /* AddaMeIOSTests.swift */; };
		C3E20A8524B9DB9600B3B8F7 /* AddaMeIOSUITests.swift in Sources */ = {isa = PBXBuildFile; fileRef = C3E20A8424B9DB9600B3B8F7 /* AddaMeIOSUITests.swift */; };
/* End PBXBuildFile section */

/* Begin PBXContainerItemProxy section */
		C3E20A7624B9DB9500B3B8F7 /* PBXContainerItemProxy */ = {
			isa = PBXContainerItemProxy;
			containerPortal = C3E20A5724B9DB9300B3B8F7 /* Project object */;
			proxyType = 1;
			remoteGlobalIDString = C3E20A5E24B9DB9300B3B8F7;
			remoteInfo = AddaMeIOS;
		};
		C3E20A8124B9DB9600B3B8F7 /* PBXContainerItemProxy */ = {
			isa = PBXContainerItemProxy;
			containerPortal = C3E20A5724B9DB9300B3B8F7 /* Project object */;
			proxyType = 1;
			remoteGlobalIDString = C3E20A5E24B9DB9300B3B8F7;
			remoteInfo = AddaMeIOS;
		};
/* End PBXContainerItemProxy section */

/* Begin PBXFileReference section */
		C34D078624F443F30059F38D /* PhoneNumberMetadata.json */ = {isa = PBXFileReference; fileEncoding = 4; lastKnownFileType = text.json; name = PhoneNumberMetadata.json; path = ../../../../../Desktop/PhoneNumberMetadata.json; sourceTree = "<group>"; };
		C34D078924F445270059F38D /* LoginAndVerificationResponse.swift */ = {isa = PBXFileReference; lastKnownFileType = sourcecode.swift; path = LoginAndVerificationResponse.swift; sourceTree = "<group>"; };
		C3605B4C24EEFC4E002044C3 /* UesrAPI.swift */ = {isa = PBXFileReference; lastKnownFileType = sourcecode.swift; path = UesrAPI.swift; sourceTree = "<group>"; };
		C3823CBE24D991E4007F6DEA /* CardView.swift */ = {isa = PBXFileReference; lastKnownFileType = sourcecode.swift; path = CardView.swift; sourceTree = "<group>"; };
		C3823CC124D9C423007F6DEA /* AuthViewModel.swift */ = {isa = PBXFileReference; lastKnownFileType = sourcecode.swift; path = AuthViewModel.swift; sourceTree = "<group>"; };
		C3E20A5F24B9DB9300B3B8F7 /* AddaMeIOS.app */ = {isa = PBXFileReference; explicitFileType = wrapper.application; includeInIndex = 0; path = AddaMeIOS.app; sourceTree = BUILT_PRODUCTS_DIR; };
		C3E20A6224B9DB9300B3B8F7 /* AppDelegate.swift */ = {isa = PBXFileReference; lastKnownFileType = sourcecode.swift; path = AppDelegate.swift; sourceTree = "<group>"; };
		C3E20A6424B9DB9300B3B8F7 /* SceneDelegate.swift */ = {isa = PBXFileReference; lastKnownFileType = sourcecode.swift; path = SceneDelegate.swift; sourceTree = "<group>"; };
		C3E20A6624B9DB9300B3B8F7 /* ContentView.swift */ = {isa = PBXFileReference; lastKnownFileType = sourcecode.swift; path = ContentView.swift; sourceTree = "<group>"; };
		C3E20A6824B9DB9500B3B8F7 /* Assets.xcassets */ = {isa = PBXFileReference; lastKnownFileType = folder.assetcatalog; path = Assets.xcassets; sourceTree = "<group>"; };
		C3E20A6B24B9DB9500B3B8F7 /* Preview Assets.xcassets */ = {isa = PBXFileReference; lastKnownFileType = folder.assetcatalog; path = "Preview Assets.xcassets"; sourceTree = "<group>"; };
		C3E20A6E24B9DB9500B3B8F7 /* Base */ = {isa = PBXFileReference; lastKnownFileType = file.storyboard; name = Base; path = Base.lproj/LaunchScreen.storyboard; sourceTree = "<group>"; };
		C3E20A7024B9DB9500B3B8F7 /* Info.plist */ = {isa = PBXFileReference; lastKnownFileType = text.plist.xml; path = Info.plist; sourceTree = "<group>"; };
		C3E20A7524B9DB9500B3B8F7 /* AddaMeIOSTests.xctest */ = {isa = PBXFileReference; explicitFileType = wrapper.cfbundle; includeInIndex = 0; path = AddaMeIOSTests.xctest; sourceTree = BUILT_PRODUCTS_DIR; };
		C3E20A7924B9DB9500B3B8F7 /* AddaMeIOSTests.swift */ = {isa = PBXFileReference; lastKnownFileType = sourcecode.swift; path = AddaMeIOSTests.swift; sourceTree = "<group>"; };
		C3E20A7B24B9DB9500B3B8F7 /* Info.plist */ = {isa = PBXFileReference; lastKnownFileType = text.plist.xml; path = Info.plist; sourceTree = "<group>"; };
		C3E20A8024B9DB9600B3B8F7 /* AddaMeIOSUITests.xctest */ = {isa = PBXFileReference; explicitFileType = wrapper.cfbundle; includeInIndex = 0; path = AddaMeIOSUITests.xctest; sourceTree = BUILT_PRODUCTS_DIR; };
		C3E20A8424B9DB9600B3B8F7 /* AddaMeIOSUITests.swift */ = {isa = PBXFileReference; lastKnownFileType = sourcecode.swift; path = AddaMeIOSUITests.swift; sourceTree = "<group>"; };
		C3E20A8624B9DB9600B3B8F7 /* Info.plist */ = {isa = PBXFileReference; lastKnownFileType = text.plist.xml; path = Info.plist; sourceTree = "<group>"; };
/* End PBXFileReference section */

/* Begin PBXFrameworksBuildPhase section */
		C3E20A5C24B9DB9300B3B8F7 /* Frameworks */ = {
			isa = PBXFrameworksBuildPhase;
			buildActionMask = 2147483647;
			files = (
				C34D078424F4355B0059F38D /* PhoneNumberKit in Frameworks */,
				C34D078124F414140059F38D /* AddaNetworking in Frameworks */,
			);
			runOnlyForDeploymentPostprocessing = 0;
		};
		C3E20A7224B9DB9500B3B8F7 /* Frameworks */ = {
			isa = PBXFrameworksBuildPhase;
			buildActionMask = 2147483647;
			files = (
			);
			runOnlyForDeploymentPostprocessing = 0;
		};
		C3E20A7D24B9DB9600B3B8F7 /* Frameworks */ = {
			isa = PBXFrameworksBuildPhase;
			buildActionMask = 2147483647;
			files = (
			);
			runOnlyForDeploymentPostprocessing = 0;
		};
/* End PBXFrameworksBuildPhase section */

/* Begin PBXGroup section */
		C34D078824F445110059F38D /* Model */ = {
			isa = PBXGroup;
			children = (
				C34D078924F445270059F38D /* LoginAndVerificationResponse.swift */,
			);
			path = Model;
			sourceTree = "<group>";
		};
		C3605B4B24EEFC31002044C3 /* UserAPI */ = {
			isa = PBXGroup;
			children = (
				C3605B4C24EEFC4E002044C3 /* UesrAPI.swift */,
			);
			path = UserAPI;
			sourceTree = "<group>";
		};
		C3823CC024D9C356007F6DEA /* ViewModel */ = {
			isa = PBXGroup;
			children = (
				C3823CC124D9C423007F6DEA /* AuthViewModel.swift */,
			);
			path = ViewModel;
			sourceTree = "<group>";
		};
		C3823CC324D9C806007F6DEA /* API */ = {
			isa = PBXGroup;
			children = (
				C3605B4B24EEFC31002044C3 /* UserAPI */,
			);
			path = API;
			sourceTree = "<group>";
		};
		C3E20A5624B9DB9300B3B8F7 = {
			isa = PBXGroup;
			children = (
				C34D078624F443F30059F38D /* PhoneNumberMetadata.json */,
				C3E20A6124B9DB9300B3B8F7 /* AddaMeIOS */,
				C3E20A8324B9DB9600B3B8F7 /* AddaMeIOSUITests */,
				C3E20A6024B9DB9300B3B8F7 /* Products */,
			);
			sourceTree = "<group>";
		};
		C3E20A6024B9DB9300B3B8F7 /* Products */ = {
			isa = PBXGroup;
			children = (
				C3E20A5F24B9DB9300B3B8F7 /* AddaMeIOS.app */,
				C3E20A7524B9DB9500B3B8F7 /* AddaMeIOSTests.xctest */,
				C3E20A8024B9DB9600B3B8F7 /* AddaMeIOSUITests.xctest */,
			);
			name = Products;
			sourceTree = "<group>";
		};
		C3E20A6124B9DB9300B3B8F7 /* AddaMeIOS */ = {
			isa = PBXGroup;
			children = (
				C34D078824F445110059F38D /* Model */,
				C3823CC324D9C806007F6DEA /* API */,
				C3823CC024D9C356007F6DEA /* ViewModel */,
				C3E20A6224B9DB9300B3B8F7 /* AppDelegate.swift */,
				C3E20A7824B9DB9500B3B8F7 /* AddaMeIOSTests */,
				C3E20A6424B9DB9300B3B8F7 /* SceneDelegate.swift */,
				C3E20A6624B9DB9300B3B8F7 /* ContentView.swift */,
				C3823CBE24D991E4007F6DEA /* CardView.swift */,
				C3E20A6824B9DB9500B3B8F7 /* Assets.xcassets */,
				C3E20A6D24B9DB9500B3B8F7 /* LaunchScreen.storyboard */,
				C3E20A7024B9DB9500B3B8F7 /* Info.plist */,
				C3E20A6A24B9DB9500B3B8F7 /* Preview Content */,
			);
			path = AddaMeIOS;
			sourceTree = "<group>";
		};
		C3E20A6A24B9DB9500B3B8F7 /* Preview Content */ = {
			isa = PBXGroup;
			children = (
				C3E20A6B24B9DB9500B3B8F7 /* Preview Assets.xcassets */,
			);
			path = "Preview Content";
			sourceTree = "<group>";
		};
		C3E20A7824B9DB9500B3B8F7 /* AddaMeIOSTests */ = {
			isa = PBXGroup;
			children = (
				C3E20A7924B9DB9500B3B8F7 /* AddaMeIOSTests.swift */,
				C3E20A7B24B9DB9500B3B8F7 /* Info.plist */,
			);
			path = AddaMeIOSTests;
			sourceTree = "<group>";
		};
		C3E20A8324B9DB9600B3B8F7 /* AddaMeIOSUITests */ = {
			isa = PBXGroup;
			children = (
				C3E20A8424B9DB9600B3B8F7 /* AddaMeIOSUITests.swift */,
				C3E20A8624B9DB9600B3B8F7 /* Info.plist */,
			);
			path = AddaMeIOSUITests;
			sourceTree = "<group>";
		};
/* End PBXGroup section */

/* Begin PBXNativeTarget section */
		C3E20A5E24B9DB9300B3B8F7 /* AddaMeIOS */ = {
			isa = PBXNativeTarget;
			buildConfigurationList = C3E20A8924B9DB9600B3B8F7 /* Build configuration list for PBXNativeTarget "AddaMeIOS" */;
			buildPhases = (
				C3E20A5B24B9DB9300B3B8F7 /* Sources */,
				C3E20A5C24B9DB9300B3B8F7 /* Frameworks */,
				C3E20A5D24B9DB9300B3B8F7 /* Resources */,
			);
			buildRules = (
			);
			dependencies = (
			);
			name = AddaMeIOS;
			packageProductDependencies = (
				C34D078024F414140059F38D /* AddaNetworking */,
				C34D078324F4355B0059F38D /* PhoneNumberKit */,
			);
			productName = AddaMeIOS;
			productReference = C3E20A5F24B9DB9300B3B8F7 /* AddaMeIOS.app */;
			productType = "com.apple.product-type.application";
		};
		C3E20A7424B9DB9500B3B8F7 /* AddaMeIOSTests */ = {
			isa = PBXNativeTarget;
			buildConfigurationList = C3E20A8C24B9DB9600B3B8F7 /* Build configuration list for PBXNativeTarget "AddaMeIOSTests" */;
			buildPhases = (
				C3E20A7124B9DB9500B3B8F7 /* Sources */,
				C3E20A7224B9DB9500B3B8F7 /* Frameworks */,
				C3E20A7324B9DB9500B3B8F7 /* Resources */,
			);
			buildRules = (
			);
			dependencies = (
				C3E20A7724B9DB9500B3B8F7 /* PBXTargetDependency */,
			);
			name = AddaMeIOSTests;
			productName = AddaMeIOSTests;
			productReference = C3E20A7524B9DB9500B3B8F7 /* AddaMeIOSTests.xctest */;
			productType = "com.apple.product-type.bundle.unit-test";
		};
		C3E20A7F24B9DB9600B3B8F7 /* AddaMeIOSUITests */ = {
			isa = PBXNativeTarget;
			buildConfigurationList = C3E20A8F24B9DB9600B3B8F7 /* Build configuration list for PBXNativeTarget "AddaMeIOSUITests" */;
			buildPhases = (
				C3E20A7C24B9DB9600B3B8F7 /* Sources */,
				C3E20A7D24B9DB9600B3B8F7 /* Frameworks */,
				C3E20A7E24B9DB9600B3B8F7 /* Resources */,
			);
			buildRules = (
			);
			dependencies = (
				C3E20A8224B9DB9600B3B8F7 /* PBXTargetDependency */,
			);
			name = AddaMeIOSUITests;
			productName = AddaMeIOSUITests;
			productReference = C3E20A8024B9DB9600B3B8F7 /* AddaMeIOSUITests.xctest */;
			productType = "com.apple.product-type.bundle.ui-testing";
		};
/* End PBXNativeTarget section */

/* Begin PBXProject section */
		C3E20A5724B9DB9300B3B8F7 /* Project object */ = {
			isa = PBXProject;
			attributes = {
				LastSwiftUpdateCheck = 1200;
				LastUpgradeCheck = 1200;
				TargetAttributes = {
					C3E20A5E24B9DB9300B3B8F7 = {
						CreatedOnToolsVersion = 12.0;
					};
					C3E20A7424B9DB9500B3B8F7 = {
						CreatedOnToolsVersion = 12.0;
						TestTargetID = C3E20A5E24B9DB9300B3B8F7;
					};
					C3E20A7F24B9DB9600B3B8F7 = {
						CreatedOnToolsVersion = 12.0;
						TestTargetID = C3E20A5E24B9DB9300B3B8F7;
					};
				};
			};
			buildConfigurationList = C3E20A5A24B9DB9300B3B8F7 /* Build configuration list for PBXProject "AddaMeIOS" */;
			compatibilityVersion = "Xcode 9.3";
			developmentRegion = en;
			hasScannedForEncodings = 0;
			knownRegions = (
				en,
				Base,
			);
			mainGroup = C3E20A5624B9DB9300B3B8F7;
			packageReferences = (
				C34D077F24F414140059F38D /* XCRemoteSwiftPackageReference "AddaNetworking" */,
				C34D078224F4355B0059F38D /* XCRemoteSwiftPackageReference "PhoneNumberKit" */,
			);
			productRefGroup = C3E20A6024B9DB9300B3B8F7 /* Products */;
			projectDirPath = "";
			projectRoot = "";
			targets = (
				C3E20A5E24B9DB9300B3B8F7 /* AddaMeIOS */,
				C3E20A7424B9DB9500B3B8F7 /* AddaMeIOSTests */,
				C3E20A7F24B9DB9600B3B8F7 /* AddaMeIOSUITests */,
			);
		};
/* End PBXProject section */

/* Begin PBXResourcesBuildPhase section */
		C3E20A5D24B9DB9300B3B8F7 /* Resources */ = {
			isa = PBXResourcesBuildPhase;
			buildActionMask = 2147483647;
			files = (
				C34D078724F443F30059F38D /* PhoneNumberMetadata.json in Resources */,
				C3E20A6F24B9DB9500B3B8F7 /* LaunchScreen.storyboard in Resources */,
				C3E20A6C24B9DB9500B3B8F7 /* Preview Assets.xcassets in Resources */,
				C3E20A6924B9DB9500B3B8F7 /* Assets.xcassets in Resources */,
			);
			runOnlyForDeploymentPostprocessing = 0;
		};
		C3E20A7324B9DB9500B3B8F7 /* Resources */ = {
			isa = PBXResourcesBuildPhase;
			buildActionMask = 2147483647;
			files = (
			);
			runOnlyForDeploymentPostprocessing = 0;
		};
		C3E20A7E24B9DB9600B3B8F7 /* Resources */ = {
			isa = PBXResourcesBuildPhase;
			buildActionMask = 2147483647;
			files = (
			);
			runOnlyForDeploymentPostprocessing = 0;
		};
/* End PBXResourcesBuildPhase section */

/* Begin PBXSourcesBuildPhase section */
		C3E20A5B24B9DB9300B3B8F7 /* Sources */ = {
			isa = PBXSourcesBuildPhase;
			buildActionMask = 2147483647;
			files = (
				C3823CC224D9C423007F6DEA /* AuthViewModel.swift in Sources */,
				C3605B4D24EEFC4E002044C3 /* UesrAPI.swift in Sources */,
				C3E20A6324B9DB9300B3B8F7 /* AppDelegate.swift in Sources */,
				C3E20A6524B9DB9300B3B8F7 /* SceneDelegate.swift in Sources */,
				C34D078A24F445270059F38D /* LoginAndVerificationResponse.swift in Sources */,
				C3823CBF24D991E4007F6DEA /* CardView.swift in Sources */,
				C3E20A6724B9DB9300B3B8F7 /* ContentView.swift in Sources */,
			);
			runOnlyForDeploymentPostprocessing = 0;
		};
		C3E20A7124B9DB9500B3B8F7 /* Sources */ = {
			isa = PBXSourcesBuildPhase;
			buildActionMask = 2147483647;
			files = (
				C3E20A7A24B9DB9500B3B8F7 /* AddaMeIOSTests.swift in Sources */,
			);
			runOnlyForDeploymentPostprocessing = 0;
		};
		C3E20A7C24B9DB9600B3B8F7 /* Sources */ = {
			isa = PBXSourcesBuildPhase;
			buildActionMask = 2147483647;
			files = (
				C3E20A8524B9DB9600B3B8F7 /* AddaMeIOSUITests.swift in Sources */,
			);
			runOnlyForDeploymentPostprocessing = 0;
		};
/* End PBXSourcesBuildPhase section */

/* Begin PBXTargetDependency section */
		C3E20A7724B9DB9500B3B8F7 /* PBXTargetDependency */ = {
			isa = PBXTargetDependency;
			target = C3E20A5E24B9DB9300B3B8F7 /* AddaMeIOS */;
			targetProxy = C3E20A7624B9DB9500B3B8F7 /* PBXContainerItemProxy */;
		};
		C3E20A8224B9DB9600B3B8F7 /* PBXTargetDependency */ = {
			isa = PBXTargetDependency;
			target = C3E20A5E24B9DB9300B3B8F7 /* AddaMeIOS */;
			targetProxy = C3E20A8124B9DB9600B3B8F7 /* PBXContainerItemProxy */;
		};
/* End PBXTargetDependency section */

/* Begin PBXVariantGroup section */
		C3E20A6D24B9DB9500B3B8F7 /* LaunchScreen.storyboard */ = {
			isa = PBXVariantGroup;
			children = (
				C3E20A6E24B9DB9500B3B8F7 /* Base */,
			);
			name = LaunchScreen.storyboard;
			sourceTree = "<group>";
		};
/* End PBXVariantGroup section */

/* Begin XCBuildConfiguration section */
		C3E20A8724B9DB9600B3B8F7 /* Debug */ = {
			isa = XCBuildConfiguration;
			buildSettings = {
				ALWAYS_SEARCH_USER_PATHS = NO;
				CLANG_ANALYZER_NONNULL = YES;
				CLANG_ANALYZER_NUMBER_OBJECT_CONVERSION = YES_AGGRESSIVE;
				CLANG_CXX_LANGUAGE_STANDARD = "gnu++14";
				CLANG_CXX_LIBRARY = "libc++";
				CLANG_ENABLE_MODULES = YES;
				CLANG_ENABLE_OBJC_ARC = YES;
				CLANG_ENABLE_OBJC_WEAK = YES;
				CLANG_WARN_BLOCK_CAPTURE_AUTORELEASING = YES;
				CLANG_WARN_BOOL_CONVERSION = YES;
				CLANG_WARN_COMMA = YES;
				CLANG_WARN_CONSTANT_CONVERSION = YES;
				CLANG_WARN_DEPRECATED_OBJC_IMPLEMENTATIONS = YES;
				CLANG_WARN_DIRECT_OBJC_ISA_USAGE = YES_ERROR;
				CLANG_WARN_DOCUMENTATION_COMMENTS = YES;
				CLANG_WARN_EMPTY_BODY = YES;
				CLANG_WARN_ENUM_CONVERSION = YES;
				CLANG_WARN_INFINITE_RECURSION = YES;
				CLANG_WARN_INT_CONVERSION = YES;
				CLANG_WARN_NON_LITERAL_NULL_CONVERSION = YES;
				CLANG_WARN_OBJC_IMPLICIT_RETAIN_SELF = YES;
				CLANG_WARN_OBJC_LITERAL_CONVERSION = YES;
				CLANG_WARN_OBJC_ROOT_CLASS = YES_ERROR;
				CLANG_WARN_QUOTED_INCLUDE_IN_FRAMEWORK_HEADER = YES;
				CLANG_WARN_RANGE_LOOP_ANALYSIS = YES;
				CLANG_WARN_STRICT_PROTOTYPES = YES;
				CLANG_WARN_SUSPICIOUS_MOVE = YES;
				CLANG_WARN_UNGUARDED_AVAILABILITY = YES_AGGRESSIVE;
				CLANG_WARN_UNREACHABLE_CODE = YES;
				CLANG_WARN__DUPLICATE_METHOD_MATCH = YES;
				COPY_PHASE_STRIP = NO;
				DEBUG_INFORMATION_FORMAT = dwarf;
				ENABLE_STRICT_OBJC_MSGSEND = YES;
				ENABLE_TESTABILITY = YES;
				GCC_C_LANGUAGE_STANDARD = gnu11;
				GCC_DYNAMIC_NO_PIC = NO;
				GCC_NO_COMMON_BLOCKS = YES;
				GCC_OPTIMIZATION_LEVEL = 0;
				GCC_PREPROCESSOR_DEFINITIONS = (
					"DEBUG=1",
					"$(inherited)",
				);
				GCC_WARN_64_TO_32_BIT_CONVERSION = YES;
				GCC_WARN_ABOUT_RETURN_TYPE = YES_ERROR;
				GCC_WARN_UNDECLARED_SELECTOR = YES;
				GCC_WARN_UNINITIALIZED_AUTOS = YES_AGGRESSIVE;
				GCC_WARN_UNUSED_FUNCTION = YES;
				GCC_WARN_UNUSED_VARIABLE = YES;
				IPHONEOS_DEPLOYMENT_TARGET = 14.0;
				MTL_ENABLE_DEBUG_INFO = INCLUDE_SOURCE;
				MTL_FAST_MATH = YES;
				ONLY_ACTIVE_ARCH = YES;
				SDKROOT = iphoneos;
				SWIFT_ACTIVE_COMPILATION_CONDITIONS = DEBUG;
				SWIFT_OPTIMIZATION_LEVEL = "-Onone";
			};
			name = Debug;
		};
		C3E20A8824B9DB9600B3B8F7 /* Release */ = {
			isa = XCBuildConfiguration;
			buildSettings = {
				ALWAYS_SEARCH_USER_PATHS = NO;
				CLANG_ANALYZER_NONNULL = YES;
				CLANG_ANALYZER_NUMBER_OBJECT_CONVERSION = YES_AGGRESSIVE;
				CLANG_CXX_LANGUAGE_STANDARD = "gnu++14";
				CLANG_CXX_LIBRARY = "libc++";
				CLANG_ENABLE_MODULES = YES;
				CLANG_ENABLE_OBJC_ARC = YES;
				CLANG_ENABLE_OBJC_WEAK = YES;
				CLANG_WARN_BLOCK_CAPTURE_AUTORELEASING = YES;
				CLANG_WARN_BOOL_CONVERSION = YES;
				CLANG_WARN_COMMA = YES;
				CLANG_WARN_CONSTANT_CONVERSION = YES;
				CLANG_WARN_DEPRECATED_OBJC_IMPLEMENTATIONS = YES;
				CLANG_WARN_DIRECT_OBJC_ISA_USAGE = YES_ERROR;
				CLANG_WARN_DOCUMENTATION_COMMENTS = YES;
				CLANG_WARN_EMPTY_BODY = YES;
				CLANG_WARN_ENUM_CONVERSION = YES;
				CLANG_WARN_INFINITE_RECURSION = YES;
				CLANG_WARN_INT_CONVERSION = YES;
				CLANG_WARN_NON_LITERAL_NULL_CONVERSION = YES;
				CLANG_WARN_OBJC_IMPLICIT_RETAIN_SELF = YES;
				CLANG_WARN_OBJC_LITERAL_CONVERSION = YES;
				CLANG_WARN_OBJC_ROOT_CLASS = YES_ERROR;
				CLANG_WARN_QUOTED_INCLUDE_IN_FRAMEWORK_HEADER = YES;
				CLANG_WARN_RANGE_LOOP_ANALYSIS = YES;
				CLANG_WARN_STRICT_PROTOTYPES = YES;
				CLANG_WARN_SUSPICIOUS_MOVE = YES;
				CLANG_WARN_UNGUARDED_AVAILABILITY = YES_AGGRESSIVE;
				CLANG_WARN_UNREACHABLE_CODE = YES;
				CLANG_WARN__DUPLICATE_METHOD_MATCH = YES;
				COPY_PHASE_STRIP = NO;
				DEBUG_INFORMATION_FORMAT = "dwarf-with-dsym";
				ENABLE_NS_ASSERTIONS = NO;
				ENABLE_STRICT_OBJC_MSGSEND = YES;
				GCC_C_LANGUAGE_STANDARD = gnu11;
				GCC_NO_COMMON_BLOCKS = YES;
				GCC_WARN_64_TO_32_BIT_CONVERSION = YES;
				GCC_WARN_ABOUT_RETURN_TYPE = YES_ERROR;
				GCC_WARN_UNDECLARED_SELECTOR = YES;
				GCC_WARN_UNINITIALIZED_AUTOS = YES_AGGRESSIVE;
				GCC_WARN_UNUSED_FUNCTION = YES;
				GCC_WARN_UNUSED_VARIABLE = YES;
				IPHONEOS_DEPLOYMENT_TARGET = 14.0;
				MTL_ENABLE_DEBUG_INFO = NO;
				MTL_FAST_MATH = YES;
				SDKROOT = iphoneos;
				SWIFT_COMPILATION_MODE = wholemodule;
				SWIFT_OPTIMIZATION_LEVEL = "-O";
				VALIDATE_PRODUCT = YES;
			};
			name = Release;
		};
		C3E20A8A24B9DB9600B3B8F7 /* Debug */ = {
			isa = XCBuildConfiguration;
			buildSettings = {
				ASSETCATALOG_COMPILER_APPICON_NAME = AppIcon;
				ASSETCATALOG_COMPILER_GLOBAL_ACCENT_COLOR_NAME = AccentColor;
				CODE_SIGN_STYLE = Automatic;
				DEVELOPMENT_ASSET_PATHS = "\"AddaMeIOS/Preview Content\"";
				DEVELOPMENT_TEAM = 6989658CU5;
				ENABLE_PREVIEWS = YES;
				INFOPLIST_FILE = AddaMeIOS/Info.plist;
				IPHONEOS_DEPLOYMENT_TARGET = 13.0;
				LD_RUNPATH_SEARCH_PATHS = (
					"$(inherited)",
					"@executable_path/Frameworks",
				);
				PRODUCT_BUNDLE_IDENTIFIER = me.addaa.AddaMeIOS;
				PRODUCT_NAME = "$(TARGET_NAME)";
				SWIFT_VERSION = 5.0;
				TARGETED_DEVICE_FAMILY = "1,2";
			};
			name = Debug;
		};
		C3E20A8B24B9DB9600B3B8F7 /* Release */ = {
			isa = XCBuildConfiguration;
			buildSettings = {
				ASSETCATALOG_COMPILER_APPICON_NAME = AppIcon;
				ASSETCATALOG_COMPILER_GLOBAL_ACCENT_COLOR_NAME = AccentColor;
				CODE_SIGN_STYLE = Automatic;
				DEVELOPMENT_ASSET_PATHS = "\"AddaMeIOS/Preview Content\"";
				DEVELOPMENT_TEAM = 6989658CU5;
				ENABLE_PREVIEWS = YES;
				INFOPLIST_FILE = AddaMeIOS/Info.plist;
				IPHONEOS_DEPLOYMENT_TARGET = 13.0;
				LD_RUNPATH_SEARCH_PATHS = (
					"$(inherited)",
					"@executable_path/Frameworks",
				);
				PRODUCT_BUNDLE_IDENTIFIER = me.addaa.AddaMeIOS;
				PRODUCT_NAME = "$(TARGET_NAME)";
				SWIFT_VERSION = 5.0;
				TARGETED_DEVICE_FAMILY = "1,2";
			};
			name = Release;
		};
		C3E20A8D24B9DB9600B3B8F7 /* Debug */ = {
			isa = XCBuildConfiguration;
			buildSettings = {
				ALWAYS_EMBED_SWIFT_STANDARD_LIBRARIES = YES;
				BUNDLE_LOADER = "$(TEST_HOST)";
				CODE_SIGN_STYLE = Automatic;
				DEVELOPMENT_TEAM = 6989658CU5;
				INFOPLIST_FILE = AddaMeIOSTests/Info.plist;
				IPHONEOS_DEPLOYMENT_TARGET = 14.0;
				LD_RUNPATH_SEARCH_PATHS = (
					"$(inherited)",
					"@executable_path/Frameworks",
					"@loader_path/Frameworks",
				);
				PRODUCT_BUNDLE_IDENTIFIER = me.addaa.AddaMeIOSTests;
				PRODUCT_NAME = "$(TARGET_NAME)";
				SWIFT_VERSION = 5.0;
				TARGETED_DEVICE_FAMILY = "1,2";
				TEST_HOST = "$(BUILT_PRODUCTS_DIR)/AddaMeIOS.app/AddaMeIOS";
			};
			name = Debug;
		};
		C3E20A8E24B9DB9600B3B8F7 /* Release */ = {
			isa = XCBuildConfiguration;
			buildSettings = {
				ALWAYS_EMBED_SWIFT_STANDARD_LIBRARIES = YES;
				BUNDLE_LOADER = "$(TEST_HOST)";
				CODE_SIGN_STYLE = Automatic;
				DEVELOPMENT_TEAM = 6989658CU5;
				INFOPLIST_FILE = AddaMeIOSTests/Info.plist;
				IPHONEOS_DEPLOYMENT_TARGET = 14.0;
				LD_RUNPATH_SEARCH_PATHS = (
					"$(inherited)",
					"@executable_path/Frameworks",
					"@loader_path/Frameworks",
				);
				PRODUCT_BUNDLE_IDENTIFIER = me.addaa.AddaMeIOSTests;
				PRODUCT_NAME = "$(TARGET_NAME)";
				SWIFT_VERSION = 5.0;
				TARGETED_DEVICE_FAMILY = "1,2";
				TEST_HOST = "$(BUILT_PRODUCTS_DIR)/AddaMeIOS.app/AddaMeIOS";
			};
			name = Release;
		};
		C3E20A9024B9DB9600B3B8F7 /* Debug */ = {
			isa = XCBuildConfiguration;
			buildSettings = {
				ALWAYS_EMBED_SWIFT_STANDARD_LIBRARIES = YES;
				CODE_SIGN_STYLE = Automatic;
				DEVELOPMENT_TEAM = 6989658CU5;
				INFOPLIST_FILE = AddaMeIOSUITests/Info.plist;
				LD_RUNPATH_SEARCH_PATHS = (
					"$(inherited)",
					"@executable_path/Frameworks",
					"@loader_path/Frameworks",
				);
				PRODUCT_BUNDLE_IDENTIFIER = me.addaa.AddaMeIOSUITests;
				PRODUCT_NAME = "$(TARGET_NAME)";
				SWIFT_VERSION = 5.0;
				TARGETED_DEVICE_FAMILY = "1,2";
				TEST_TARGET_NAME = AddaMeIOS;
			};
			name = Debug;
		};
		C3E20A9124B9DB9600B3B8F7 /* Release */ = {
			isa = XCBuildConfiguration;
			buildSettings = {
				ALWAYS_EMBED_SWIFT_STANDARD_LIBRARIES = YES;
				CODE_SIGN_STYLE = Automatic;
				DEVELOPMENT_TEAM = 6989658CU5;
				INFOPLIST_FILE = AddaMeIOSUITests/Info.plist;
				LD_RUNPATH_SEARCH_PATHS = (
					"$(inherited)",
					"@executable_path/Frameworks",
					"@loader_path/Frameworks",
				);
				PRODUCT_BUNDLE_IDENTIFIER = me.addaa.AddaMeIOSUITests;
				PRODUCT_NAME = "$(TARGET_NAME)";
				SWIFT_VERSION = 5.0;
				TARGETED_DEVICE_FAMILY = "1,2";
				TEST_TARGET_NAME = AddaMeIOS;
			};
			name = Release;
		};
/* End XCBuildConfiguration section */

/* Begin XCConfigurationList section */
		C3E20A5A24B9DB9300B3B8F7 /* Build configuration list for PBXProject "AddaMeIOS" */ = {
			isa = XCConfigurationList;
			buildConfigurations = (
				C3E20A8724B9DB9600B3B8F7 /* Debug */,
				C3E20A8824B9DB9600B3B8F7 /* Release */,
			);
			defaultConfigurationIsVisible = 0;
			defaultConfigurationName = Release;
		};
		C3E20A8924B9DB9600B3B8F7 /* Build configuration list for PBXNativeTarget "AddaMeIOS" */ = {
			isa = XCConfigurationList;
			buildConfigurations = (
				C3E20A8A24B9DB9600B3B8F7 /* Debug */,
				C3E20A8B24B9DB9600B3B8F7 /* Release */,
			);
			defaultConfigurationIsVisible = 0;
			defaultConfigurationName = Release;
		};
		C3E20A8C24B9DB9600B3B8F7 /* Build configuration list for PBXNativeTarget "AddaMeIOSTests" */ = {
			isa = XCConfigurationList;
			buildConfigurations = (
				C3E20A8D24B9DB9600B3B8F7 /* Debug */,
				C3E20A8E24B9DB9600B3B8F7 /* Release */,
			);
			defaultConfigurationIsVisible = 0;
			defaultConfigurationName = Release;
		};
		C3E20A8F24B9DB9600B3B8F7 /* Build configuration list for PBXNativeTarget "AddaMeIOSUITests" */ = {
			isa = XCConfigurationList;
			buildConfigurations = (
				C3E20A9024B9DB9600B3B8F7 /* Debug */,
				C3E20A9124B9DB9600B3B8F7 /* Release */,
			);
			defaultConfigurationIsVisible = 0;
			defaultConfigurationName = Release;
		};
/* End XCConfigurationList section */

/* Begin XCRemoteSwiftPackageReference section */
		C34D077F24F414140059F38D /* XCRemoteSwiftPackageReference "AddaNetworking" */ = {
			isa = XCRemoteSwiftPackageReference;
			repositoryURL = "https://github.com/AddaMeSPB/AddaNetworking";
			requirement = {
				kind = upToNextMajorVersion;
				minimumVersion = 0.1.0;
			};
		};
		C34D078224F4355B0059F38D /* XCRemoteSwiftPackageReference "PhoneNumberKit" */ = {
			isa = XCRemoteSwiftPackageReference;
			repositoryURL = "https://github.com/marmelroy/PhoneNumberKit";
			requirement = {
				kind = upToNextMajorVersion;
				minimumVersion = 3.2.0;
			};
		};
/* End XCRemoteSwiftPackageReference section */

/* Begin XCSwiftPackageProductDependency section */
		C34D078024F414140059F38D /* AddaNetworking */ = {
			isa = XCSwiftPackageProductDependency;
			package = C34D077F24F414140059F38D /* XCRemoteSwiftPackageReference "AddaNetworking" */;
			productName = AddaNetworking;
		};
		C34D078324F4355B0059F38D /* PhoneNumberKit */ = {
			isa = XCSwiftPackageProductDependency;
			package = C34D078224F4355B0059F38D /* XCRemoteSwiftPackageReference "PhoneNumberKit" */;
			productName = PhoneNumberKit;
		};
/* End XCSwiftPackageProductDependency section */
	};
	rootObject = C3E20A5724B9DB9300B3B8F7 /* Project object */;
}
