// !$*UTF8*$!
{
	archiveVersion = 1;
	classes = {
	};
	objectVersion = 52;
	objects = {

/* Begin PBXBuildFile section */
		C3006D3E24F51E2100D89530 /* PhoneNumberMetadata.json in Resources */ = {isa = PBXBuildFile; fileRef = C3006D3D24F51E2100D89530 /* PhoneNumberMetadata.json */; };
		C3060C762555C45E00991B5D /* Bundle+Decode.swift in Sources */ = {isa = PBXBuildFile; fileRef = C3060C752555C45D00991B5D /* Bundle+Decode.swift */; };
		C3060C792555D2EF00991B5D /* AppState.swift in Sources */ = {isa = PBXBuildFile; fileRef = C3060C782555D2EF00991B5D /* AppState.swift */; };
		C319ECE8253B431200A77B38 /* UserAPI.swift in Sources */ = {isa = PBXBuildFile; fileRef = C319ECE7253B431200A77B38 /* UserAPI.swift */; };
		C31EF38C257FF7D4009E5ADB /* AddaMeIOSUITests.swift in Sources */ = {isa = PBXBuildFile; fileRef = C31EF38A257FF7D4009E5ADB /* AddaMeIOSUITests.swift */; };
		C31EF393257FFE41009E5ADB /* SnapshotHelper.swift in Sources */ = {isa = PBXBuildFile; fileRef = C31EF392257FFE41009E5ADB /* SnapshotHelper.swift */; };
		C32D66FB2500225000C40350 /* ContactViewModel.swift in Sources */ = {isa = PBXBuildFile; fileRef = C32D66FA2500225000C40350 /* ContactViewModel.swift */; };
		C33C66E924F9469B00F02D83 /* RefreshTokenAPI.swift in Sources */ = {isa = PBXBuildFile; fileRef = C33C66E824F9469B00F02D83 /* RefreshTokenAPI.swift */; };
		C33C66ED24F9523500F02D83 /* EventAPI.swift in Sources */ = {isa = PBXBuildFile; fileRef = C33C66EC24F9523500F02D83 /* EventAPI.swift */; };
		C343DCB8250F998C001939B0 /* ModalView.swift in Sources */ = {isa = PBXBuildFile; fileRef = C343DCB7250F998C001939B0 /* ModalView.swift */; };
		C34A495C25442D9200A7562B /* LazyView.swift in Sources */ = {isa = PBXBuildFile; fileRef = C34A495B25442D9100A7562B /* LazyView.swift */; };
		C353CCEA255001E600FBAD2C /* Development.xcconfig in Resources */ = {isa = PBXBuildFile; fileRef = C353CCE8255001E500FBAD2C /* Development.xcconfig */; };
		C353CCF42550033200FBAD2C /* Environment.swift in Sources */ = {isa = PBXBuildFile; fileRef = C353CCF32550033200FBAD2C /* Environment.swift */; };
		C357399925F9F0ED00C43C0D /* ProductionCopy.xcconfig in Resources */ = {isa = PBXBuildFile; fileRef = C357399725F9F0EB00C43C0D /* ProductionCopy.xcconfig */; };
		C357399A25F9F0ED00C43C0D /* DevelopmentCopy.xcconfig in Resources */ = {isa = PBXBuildFile; fileRef = C357399825F9F0EC00C43C0D /* DevelopmentCopy.xcconfig */; };
		C3605B4D24EEFC4E002044C3 /* AuthAPI.swift in Sources */ = {isa = PBXBuildFile; fileRef = C3605B4C24EEFC4E002044C3 /* AuthAPI.swift */; };
		C3606ED22537728E008278CE /* ConversationAPI.swift in Sources */ = {isa = PBXBuildFile; fileRef = C3606ED12537728E008278CE /* ConversationAPI.swift */; };
		C3606EF5253A1717008278CE /* Navigation_WithList.swift in Sources */ = {isa = PBXBuildFile; fileRef = C3606EF4253A1717008278CE /* Navigation_WithList.swift */; };
		C36400EB25C4414F00A7C819 /* SystemServices.swift in Sources */ = {isa = PBXBuildFile; fileRef = C364E2AA2553E9A00033E424 /* SystemServices.swift */; };
		C364012A25C7ECDB00A7C819 /* RootView.swift in Sources */ = {isa = PBXBuildFile; fileRef = C35C7CE125C06B190064D9C5 /* RootView.swift */; };
		C36AE5B92500EF2C0070B335 /* TabBarTopView.swift in Sources */ = {isa = PBXBuildFile; fileRef = C36AE5B82500EF2C0070B335 /* TabBarTopView.swift */; };
		C36AE5BF25016E4D0070B335 /* DateHelper.swift in Sources */ = {isa = PBXBuildFile; fileRef = C36AE5BE25016E4D0070B335 /* DateHelper.swift */; };
		C36AE5CB2503BBFE0070B335 /* Shape+Extension.swift in Sources */ = {isa = PBXBuildFile; fileRef = C36AE5CA2503BBFE0070B335 /* Shape+Extension.swift */; };
		C3735AD425741F640034E0F5 /* DeviceAPI.swift in Sources */ = {isa = PBXBuildFile; fileRef = C3735AD325741F640034E0F5 /* DeviceAPI.swift */; };
		C3735AD72574206D0034E0F5 /* DeviceViewModel.swift in Sources */ = {isa = PBXBuildFile; fileRef = C3735AD62574206D0034E0F5 /* DeviceViewModel.swift */; };
		C3735ADA257423150034E0F5 /* AppDelegate+PKPushRegistryDelegate.swift in Sources */ = {isa = PBXBuildFile; fileRef = C3735AD9257423150034E0F5 /* AppDelegate+PKPushRegistryDelegate.swift */; };
		C37603C124F65B26002510EF /* AppTabView.swift in Sources */ = {isa = PBXBuildFile; fileRef = C37603C024F65B26002510EF /* AppTabView.swift */; };
		C37603E024F69E2D002510EF /* eventResponseData.json in Resources */ = {isa = PBXBuildFile; fileRef = C37603D324F69E2D002510EF /* eventResponseData.json */; };
		C38485672547FD4900BB3D3A /* chatResponseData.json in Resources */ = {isa = PBXBuildFile; fileRef = C38485662547FD4900BB3D3A /* chatResponseData.json */; };
		C384856D2547FF2700BB3D3A /* conversationResponseData.json in Resources */ = {isa = PBXBuildFile; fileRef = C384856C2547FF2700BB3D3A /* conversationResponseData.json */; };
		C38E2DF62546E69900544867 /* VarticalExample.swift in Sources */ = {isa = PBXBuildFile; fileRef = C38E2DF52546E69500544867 /* VarticalExample.swift */; };
		C39221CE2556882400BC5268 /* MapViewUI.swift in Sources */ = {isa = PBXBuildFile; fileRef = C39221CD2556882400BC5268 /* MapViewUI.swift */; };
		C39221D125568C4A00BC5268 /* LocationQuery.swift in Sources */ = {isa = PBXBuildFile; fileRef = C39221D025568C4900BC5268 /* LocationQuery.swift */; };
		C39221D8255710C000BC5268 /* LocationManager.swift in Sources */ = {isa = PBXBuildFile; fileRef = C39221D7255710C000BC5268 /* LocationManager.swift */; };
		C396CB55258F357B0039DAF8 /* AddaMeIOSTests.swift in Sources */ = {isa = PBXBuildFile; fileRef = C396CB54258F357B0039DAF8 /* AddaMeIOSTests.swift */; };
		C3977140255D5E8800D3F977 /* contacts.json in Resources */ = {isa = PBXBuildFile; fileRef = C397713F255D5E8800D3F977 /* contacts.json */; };
		C3977148255E844F00D3F977 /* ContactAPI.swift in Sources */ = {isa = PBXBuildFile; fileRef = C3977147255E844F00D3F977 /* ContactAPI.swift */; };
		C39CDF75256534A000823D29 /* AdaptsToSoftwareKeyboard.swift in Sources */ = {isa = PBXBuildFile; fileRef = C39CDF742565349E00823D29 /* AdaptsToSoftwareKeyboard.swift */; };
		C3AB824925F7C63500A90430 /* AddaMeSPM in Frameworks */ = {isa = PBXBuildFile; productRef = C3AB824825F7C63500A90430 /* AddaMeSPM */; };
		C3B25A87250D29B3009A6504 /* SearchBar.swift in Sources */ = {isa = PBXBuildFile; fileRef = C3B25A86250D29B3009A6504 /* SearchBar.swift */; };
		C3B25A89250D3017009A6504 /* MapSearchView.swift in Sources */ = {isa = PBXBuildFile; fileRef = C3B25A88250D3017009A6504 /* MapSearchView.swift */; };
		C3B25A90250E13F2009A6504 /* KeyboardAdaptive.swift in Sources */ = {isa = PBXBuildFile; fileRef = C3B25A8F250E13F2009A6504 /* KeyboardAdaptive.swift */; };
		C3B25A92250E1472009A6504 /* UIResponder+Current.swift in Sources */ = {isa = PBXBuildFile; fileRef = C3B25A91250E1472009A6504 /* UIResponder+Current.swift */; };
		C3BBD6122506597D00EA004C /* KeyboardDismissModifier.swift in Sources */ = {isa = PBXBuildFile; fileRef = C3BBD6112506597D00EA004C /* KeyboardDismissModifier.swift */; };
		C3BBD614250659D400EA004C /* KeyboardOffsetModifier.swift in Sources */ = {isa = PBXBuildFile; fileRef = C3BBD613250659D400EA004C /* KeyboardOffsetModifier.swift */; };
		C3CBEC65255C2B2C0015A688 /* Production.xcconfig in Resources */ = {isa = PBXBuildFile; fileRef = C3CBEC64255C2B2C0015A688 /* Production.xcconfig */; };
		C3CF00F925ADEF2E00017E80 /* FuncNetworking.swift in Sources */ = {isa = PBXBuildFile; fileRef = C3CF00F825ADEF2E00017E80 /* FuncNetworking.swift */; };
		C3D5BAAB2566962800CE55AF /* AttachmentAPI.swift in Sources */ = {isa = PBXBuildFile; fileRef = C3D5BAAA2566962800CE55AF /* AttachmentAPI.swift */; };
		C3D7EF7625150D7C00682E37 /* LocationSearchService.swift in Sources */ = {isa = PBXBuildFile; fileRef = C3D7EF7525150D7C00682E37 /* LocationSearchService.swift */; };
		C3E20A6324B9DB9300B3B8F7 /* AppDelegate.swift in Sources */ = {isa = PBXBuildFile; fileRef = C3E20A6224B9DB9300B3B8F7 /* AppDelegate.swift */; };
		C3E20A6524B9DB9300B3B8F7 /* SceneDelegate.swift in Sources */ = {isa = PBXBuildFile; fileRef = C3E20A6424B9DB9300B3B8F7 /* SceneDelegate.swift */; };
		C3E20A6924B9DB9500B3B8F7 /* Assets.xcassets in Resources */ = {isa = PBXBuildFile; fileRef = C3E20A6824B9DB9500B3B8F7 /* Assets.xcassets */; };
		C3E20A6C24B9DB9500B3B8F7 /* Preview Assets.xcassets in Resources */ = {isa = PBXBuildFile; fileRef = C3E20A6B24B9DB9500B3B8F7 /* Preview Assets.xcassets */; };
		C3E20A6F24B9DB9500B3B8F7 /* LaunchScreen.storyboard in Resources */ = {isa = PBXBuildFile; fileRef = C3E20A6D24B9DB9500B3B8F7 /* LaunchScreen.storyboard */; };
		C3EC02862527323C00BB9CF3 /* MessageAPI.swift in Sources */ = {isa = PBXBuildFile; fileRef = C3EC02852527323B00BB9CF3 /* MessageAPI.swift */; };
		C3FB4CF425003291005B03EB /* ContactsView.swift in Sources */ = {isa = PBXBuildFile; fileRef = C3FB4CF325003291005B03EB /* ContactsView.swift */; };
		C3FB59C3250A9AD700249D4F /* MapViewModel.swift in Sources */ = {isa = PBXBuildFile; fileRef = C3FB59C2250A9AD600249D4F /* MapViewModel.swift */; };
		C3FB59C5250A9E0C00249D4F /* MapView.swift in Sources */ = {isa = PBXBuildFile; fileRef = C3FB59C4250A9E0C00249D4F /* MapView.swift */; };
/* End PBXBuildFile section */

/* Begin PBXContainerItemProxy section */
		C31EF380257FF568009E5ADB /* PBXContainerItemProxy */ = {
			isa = PBXContainerItemProxy;
			containerPortal = C3E20A5724B9DB9300B3B8F7 /* Project object */;
			proxyType = 1;
			remoteGlobalIDString = C3E20A5E24B9DB9300B3B8F7;
			remoteInfo = AddaMeIOS;
		};
		C396CB57258F357B0039DAF8 /* PBXContainerItemProxy */ = {
			isa = PBXContainerItemProxy;
			containerPortal = C3E20A5724B9DB9300B3B8F7 /* Project object */;
			proxyType = 1;
			remoteGlobalIDString = C3E20A5E24B9DB9300B3B8F7;
			remoteInfo = AddaMeIOS;
		};
/* End PBXContainerItemProxy section */

/* Begin PBXCopyFilesBuildPhase section */
		C3006D3C24F5039200D89530 /* Embed Frameworks */ = {
			isa = PBXCopyFilesBuildPhase;
			buildActionMask = 12;
			dstPath = "";
			dstSubfolderSpec = 10;
			files = (
			);
			name = "Embed Frameworks";
			runOnlyForDeploymentPostprocessing = 0;
		};
/* End PBXCopyFilesBuildPhase section */

/* Begin PBXFileReference section */
		C3006D3D24F51E2100D89530 /* PhoneNumberMetadata.json */ = {isa = PBXFileReference; fileEncoding = 4; lastKnownFileType = text.json; path = PhoneNumberMetadata.json; sourceTree = "<group>"; };
		C302C66825C2AE400008D2D8 /* SwiftUIExtension */ = {isa = PBXFileReference; lastKnownFileType = folder; path = SwiftUIExtension; sourceTree = "<group>"; };
		C3060C752555C45D00991B5D /* Bundle+Decode.swift */ = {isa = PBXFileReference; lastKnownFileType = sourcecode.swift; path = "Bundle+Decode.swift"; sourceTree = "<group>"; };
		C3060C782555D2EF00991B5D /* AppState.swift */ = {isa = PBXFileReference; lastKnownFileType = sourcecode.swift; path = AppState.swift; sourceTree = "<group>"; };
		C319ECE7253B431200A77B38 /* UserAPI.swift */ = {isa = PBXFileReference; lastKnownFileType = sourcecode.swift; path = UserAPI.swift; sourceTree = "<group>"; };
		C31EF37B257FF568009E5ADB /* AddaMeIOSUITests.xctest */ = {isa = PBXFileReference; explicitFileType = wrapper.cfbundle; includeInIndex = 0; path = AddaMeIOSUITests.xctest; sourceTree = BUILT_PRODUCTS_DIR; };
		C31EF389257FF7D3009E5ADB /* Info.plist */ = {isa = PBXFileReference; fileEncoding = 4; lastKnownFileType = text.plist.xml; path = Info.plist; sourceTree = "<group>"; };
		C31EF38A257FF7D4009E5ADB /* AddaMeIOSUITests.swift */ = {isa = PBXFileReference; fileEncoding = 4; lastKnownFileType = sourcecode.swift; path = AddaMeIOSUITests.swift; sourceTree = "<group>"; };
		C31EF392257FFE41009E5ADB /* SnapshotHelper.swift */ = {isa = PBXFileReference; fileEncoding = 4; lastKnownFileType = sourcecode.swift; name = SnapshotHelper.swift; path = fastlane/SnapshotHelper.swift; sourceTree = SOURCE_ROOT; };
		C3220E1425E7F2BE00535E0E /* InfoPlist */ = {isa = PBXFileReference; lastKnownFileType = folder; path = InfoPlist; sourceTree = "<group>"; };
		C325CF8725F153DC00EF20DB /* EventView */ = {isa = PBXFileReference; lastKnownFileType = folder; path = EventView; sourceTree = "<group>"; };
		C32D66FA2500225000C40350 /* ContactViewModel.swift */ = {isa = PBXFileReference; lastKnownFileType = sourcecode.swift; path = ContactViewModel.swift; sourceTree = "<group>"; };
		C33C66E824F9469B00F02D83 /* RefreshTokenAPI.swift */ = {isa = PBXFileReference; lastKnownFileType = sourcecode.swift; path = RefreshTokenAPI.swift; sourceTree = "<group>"; };
		C33C66EC24F9523500F02D83 /* EventAPI.swift */ = {isa = PBXFileReference; lastKnownFileType = sourcecode.swift; path = EventAPI.swift; sourceTree = "<group>"; };
		C343DCB7250F998C001939B0 /* ModalView.swift */ = {isa = PBXFileReference; lastKnownFileType = sourcecode.swift; path = ModalView.swift; sourceTree = "<group>"; };
		C34A495B25442D9100A7562B /* LazyView.swift */ = {isa = PBXFileReference; lastKnownFileType = sourcecode.swift; path = LazyView.swift; sourceTree = "<group>"; };
		C353CCE8255001E500FBAD2C /* Development.xcconfig */ = {isa = PBXFileReference; fileEncoding = 4; lastKnownFileType = text.xcconfig; path = Development.xcconfig; sourceTree = "<group>"; };
		C353CCF32550033200FBAD2C /* Environment.swift */ = {isa = PBXFileReference; lastKnownFileType = sourcecode.swift; path = Environment.swift; sourceTree = "<group>"; };
		C357399725F9F0EB00C43C0D /* ProductionCopy.xcconfig */ = {isa = PBXFileReference; fileEncoding = 4; lastKnownFileType = text.xcconfig; path = ProductionCopy.xcconfig; sourceTree = "<group>"; };
		C357399825F9F0EC00C43C0D /* DevelopmentCopy.xcconfig */ = {isa = PBXFileReference; fileEncoding = 4; lastKnownFileType = text.xcconfig; path = DevelopmentCopy.xcconfig; sourceTree = "<group>"; };
		C35739B525FA46E900C43C0D /* ContactClient */ = {isa = PBXFileReference; lastKnownFileType = folder; path = ContactClient; sourceTree = "<group>"; };
		C35C7C0625C011D90064D9C5 /* EventClient */ = {isa = PBXFileReference; lastKnownFileType = folder; path = EventClient; sourceTree = "<group>"; };
		C35C7C0725C011DA0064D9C5 /* LocationClient */ = {isa = PBXFileReference; lastKnownFileType = folder; path = LocationClient; sourceTree = "<group>"; };
		C35C7C0925C011DA0064D9C5 /* PathMonitorClient */ = {isa = PBXFileReference; lastKnownFileType = folder; path = PathMonitorClient; sourceTree = "<group>"; };
		C35C7C7C25C01CE90064D9C5 /* AsyncImageLoder */ = {isa = PBXFileReference; lastKnownFileType = folder; path = AsyncImageLoder; sourceTree = "<group>"; };
		C35C7CA325C067E90064D9C5 /* KeychainService */ = {isa = PBXFileReference; lastKnownFileType = folder; path = KeychainService; sourceTree = "<group>"; };
		C35C7CE125C06B190064D9C5 /* RootView.swift */ = {isa = PBXFileReference; lastKnownFileType = sourcecode.swift; path = RootView.swift; sourceTree = "<group>"; };
		C35C7D0325C145150064D9C5 /* UserClient */ = {isa = PBXFileReference; lastKnownFileType = folder; path = UserClient; sourceTree = "<group>"; };
		C35C7D1825C14B960064D9C5 /* FoundationExtension */ = {isa = PBXFileReference; lastKnownFileType = folder; path = FoundationExtension; sourceTree = "<group>"; };
		C35C7D9225C1B91F0064D9C5 /* AttachmentClient */ = {isa = PBXFileReference; lastKnownFileType = folder; path = AttachmentClient; sourceTree = "<group>"; };
		C3605B4C24EEFC4E002044C3 /* AuthAPI.swift */ = {isa = PBXFileReference; lastKnownFileType = sourcecode.swift; path = AuthAPI.swift; sourceTree = "<group>"; };
		C3606ED12537728E008278CE /* ConversationAPI.swift */ = {isa = PBXFileReference; lastKnownFileType = sourcecode.swift; path = ConversationAPI.swift; sourceTree = "<group>"; };
		C3606EF4253A1717008278CE /* Navigation_WithList.swift */ = {isa = PBXFileReference; lastKnownFileType = sourcecode.swift; path = Navigation_WithList.swift; sourceTree = "<group>"; };
		C3624C9125F26D1D00FF68BB /* ChatClient */ = {isa = PBXFileReference; lastKnownFileType = folder; path = ChatClient; sourceTree = "<group>"; };
		C3624C9E25F6973100FF68BB /* AddaMeSPM */ = {isa = PBXFileReference; lastKnownFileType = folder; path = AddaMeSPM; sourceTree = "<group>"; };
		C364E2AA2553E9A00033E424 /* SystemServices.swift */ = {isa = PBXFileReference; lastKnownFileType = sourcecode.swift; path = SystemServices.swift; sourceTree = "<group>"; };
		C36AE5B82500EF2C0070B335 /* TabBarTopView.swift */ = {isa = PBXFileReference; lastKnownFileType = sourcecode.swift; path = TabBarTopView.swift; sourceTree = "<group>"; };
		C36AE5BE25016E4D0070B335 /* DateHelper.swift */ = {isa = PBXFileReference; lastKnownFileType = sourcecode.swift; path = DateHelper.swift; sourceTree = "<group>"; };
		C36AE5CA2503BBFE0070B335 /* Shape+Extension.swift */ = {isa = PBXFileReference; lastKnownFileType = sourcecode.swift; path = "Shape+Extension.swift"; sourceTree = "<group>"; };
		C36D898D257410BA00084AF0 /* AddaMeIOS.entitlements */ = {isa = PBXFileReference; lastKnownFileType = text.plist.entitlements; path = AddaMeIOS.entitlements; sourceTree = "<group>"; };
		C372FC7925E4186D00A1F1D1 /* AddaMeModels */ = {isa = PBXFileReference; lastKnownFileType = folder; path = AddaMeModels; sourceTree = "<group>"; };
		C372FD0925E585A700A1F1D1 /* WebsocketClient */ = {isa = PBXFileReference; lastKnownFileType = folder; path = WebsocketClient; sourceTree = "<group>"; };
		C3735AD325741F640034E0F5 /* DeviceAPI.swift */ = {isa = PBXFileReference; lastKnownFileType = sourcecode.swift; path = DeviceAPI.swift; sourceTree = "<group>"; };
		C3735AD62574206D0034E0F5 /* DeviceViewModel.swift */ = {isa = PBXFileReference; lastKnownFileType = sourcecode.swift; path = DeviceViewModel.swift; sourceTree = "<group>"; };
		C3735AD9257423150034E0F5 /* AppDelegate+PKPushRegistryDelegate.swift */ = {isa = PBXFileReference; lastKnownFileType = sourcecode.swift; path = "AppDelegate+PKPushRegistryDelegate.swift"; sourceTree = "<group>"; };
		C37603C024F65B26002510EF /* AppTabView.swift */ = {isa = PBXFileReference; lastKnownFileType = sourcecode.swift; path = AppTabView.swift; sourceTree = "<group>"; };
		C37603D324F69E2D002510EF /* eventResponseData.json */ = {isa = PBXFileReference; fileEncoding = 4; lastKnownFileType = text.json; path = eventResponseData.json; sourceTree = "<group>"; };
		C38485662547FD4900BB3D3A /* chatResponseData.json */ = {isa = PBXFileReference; lastKnownFileType = text.json; path = chatResponseData.json; sourceTree = "<group>"; };
		C384856C2547FF2700BB3D3A /* conversationResponseData.json */ = {isa = PBXFileReference; lastKnownFileType = text.json; path = conversationResponseData.json; sourceTree = "<group>"; };
		C38CF19B2615C71200635943 /* ChatView */ = {isa = PBXFileReference; lastKnownFileType = folder; name = ChatView; path = ../../../../../../ChatView; sourceTree = "<group>"; };
		C38D33E825F69E1300EF2B90 /* FuncNetworking */ = {isa = PBXFileReference; lastKnownFileType = folder; path = FuncNetworking; sourceTree = "<group>"; };
		C38E2DF52546E69500544867 /* VarticalExample.swift */ = {isa = PBXFileReference; lastKnownFileType = sourcecode.swift; path = VarticalExample.swift; sourceTree = "<group>"; };
		C39221CD2556882400BC5268 /* MapViewUI.swift */ = {isa = PBXFileReference; lastKnownFileType = sourcecode.swift; path = MapViewUI.swift; sourceTree = "<group>"; };
		C39221D025568C4900BC5268 /* LocationQuery.swift */ = {isa = PBXFileReference; lastKnownFileType = sourcecode.swift; path = LocationQuery.swift; sourceTree = "<group>"; };
		C39221D7255710C000BC5268 /* LocationManager.swift */ = {isa = PBXFileReference; lastKnownFileType = sourcecode.swift; path = LocationManager.swift; sourceTree = "<group>"; };
		C396CB52258F357A0039DAF8 /* AddaMeIOSTests.xctest */ = {isa = PBXFileReference; explicitFileType = wrapper.cfbundle; includeInIndex = 0; path = AddaMeIOSTests.xctest; sourceTree = BUILT_PRODUCTS_DIR; };
		C396CB54258F357B0039DAF8 /* AddaMeIOSTests.swift */ = {isa = PBXFileReference; lastKnownFileType = sourcecode.swift; path = AddaMeIOSTests.swift; sourceTree = "<group>"; };
		C396CB56258F357B0039DAF8 /* Info.plist */ = {isa = PBXFileReference; lastKnownFileType = text.plist.xml; path = Info.plist; sourceTree = "<group>"; };
		C397713F255D5E8800D3F977 /* contacts.json */ = {isa = PBXFileReference; lastKnownFileType = text.json; path = contacts.json; sourceTree = "<group>"; };
		C3977147255E844F00D3F977 /* ContactAPI.swift */ = {isa = PBXFileReference; lastKnownFileType = sourcecode.swift; path = ContactAPI.swift; sourceTree = "<group>"; };
		C39BD09825C2F621000A724C /* AuthClient */ = {isa = PBXFileReference; lastKnownFileType = folder; path = AuthClient; sourceTree = "<group>"; };
		C39CDF742565349E00823D29 /* AdaptsToSoftwareKeyboard.swift */ = {isa = PBXFileReference; lastKnownFileType = sourcecode.swift; path = AdaptsToSoftwareKeyboard.swift; sourceTree = "<group>"; };
		C3A6E19625DEBC5600A769CD /* ConversationClient */ = {isa = PBXFileReference; lastKnownFileType = folder; path = ConversationClient; sourceTree = "<group>"; };
		C3AF65E025D18FB900B238A6 /* UserView */ = {isa = PBXFileReference; lastKnownFileType = folder; path = UserView; sourceTree = "<group>"; };
		C3B25A86250D29B3009A6504 /* SearchBar.swift */ = {isa = PBXFileReference; lastKnownFileType = sourcecode.swift; path = SearchBar.swift; sourceTree = "<group>"; };
		C3B25A88250D3017009A6504 /* MapSearchView.swift */ = {isa = PBXFileReference; lastKnownFileType = sourcecode.swift; path = MapSearchView.swift; sourceTree = "<group>"; };
		C3B25A8F250E13F2009A6504 /* KeyboardAdaptive.swift */ = {isa = PBXFileReference; lastKnownFileType = sourcecode.swift; path = KeyboardAdaptive.swift; sourceTree = "<group>"; };
		C3B25A91250E1472009A6504 /* UIResponder+Current.swift */ = {isa = PBXFileReference; lastKnownFileType = sourcecode.swift; path = "UIResponder+Current.swift"; sourceTree = "<group>"; };
		C3BBD6112506597D00EA004C /* KeyboardDismissModifier.swift */ = {isa = PBXFileReference; lastKnownFileType = sourcecode.swift; path = KeyboardDismissModifier.swift; sourceTree = "<group>"; };
		C3BBD613250659D400EA004C /* KeyboardOffsetModifier.swift */ = {isa = PBXFileReference; lastKnownFileType = sourcecode.swift; path = KeyboardOffsetModifier.swift; sourceTree = "<group>"; };
		C3C3B65526132A5F007786BE /* ContactsView */ = {isa = PBXFileReference; lastKnownFileType = folder; name = ContactsView; path = ../../../../../../ContactsView; sourceTree = "<group>"; };
		C3CBEC64255C2B2C0015A688 /* Production.xcconfig */ = {isa = PBXFileReference; lastKnownFileType = text.xcconfig; path = Production.xcconfig; sourceTree = "<group>"; };
		C3CF00F825ADEF2E00017E80 /* FuncNetworking.swift */ = {isa = PBXFileReference; lastKnownFileType = sourcecode.swift; path = FuncNetworking.swift; sourceTree = "<group>"; };
		C3D1C7402614B2310055DBBC /* CoreDataClient */ = {isa = PBXFileReference; lastKnownFileType = folder; name = CoreDataClient; path = ../../../../../../CoreDataClient; sourceTree = "<group>"; };
		C3D5BAAA2566962800CE55AF /* AttachmentAPI.swift */ = {isa = PBXFileReference; lastKnownFileType = sourcecode.swift; path = AttachmentAPI.swift; sourceTree = "<group>"; };
		C3D7EF7525150D7C00682E37 /* LocationSearchService.swift */ = {isa = PBXFileReference; lastKnownFileType = sourcecode.swift; path = LocationSearchService.swift; sourceTree = "<group>"; };
		C3DDEF0B260C7DB100D8F295 /* CombineContacts */ = {isa = PBXFileReference; lastKnownFileType = folder; path = CombineContacts; sourceTree = "<group>"; };
		C3E20A5F24B9DB9300B3B8F7 /* AddaMeIOS.app */ = {isa = PBXFileReference; explicitFileType = wrapper.application; includeInIndex = 0; path = AddaMeIOS.app; sourceTree = BUILT_PRODUCTS_DIR; };
		C3E20A6224B9DB9300B3B8F7 /* AppDelegate.swift */ = {isa = PBXFileReference; lastKnownFileType = sourcecode.swift; path = AppDelegate.swift; sourceTree = "<group>"; };
		C3E20A6424B9DB9300B3B8F7 /* SceneDelegate.swift */ = {isa = PBXFileReference; lastKnownFileType = sourcecode.swift; path = SceneDelegate.swift; sourceTree = "<group>"; };
		C3E20A6824B9DB9500B3B8F7 /* Assets.xcassets */ = {isa = PBXFileReference; lastKnownFileType = folder.assetcatalog; path = Assets.xcassets; sourceTree = "<group>"; };
		C3E20A6B24B9DB9500B3B8F7 /* Preview Assets.xcassets */ = {isa = PBXFileReference; lastKnownFileType = folder.assetcatalog; path = "Preview Assets.xcassets"; sourceTree = "<group>"; };
		C3E20A6E24B9DB9500B3B8F7 /* Base */ = {isa = PBXFileReference; lastKnownFileType = file.storyboard; name = Base; path = Base.lproj/LaunchScreen.storyboard; sourceTree = "<group>"; };
		C3E20A7024B9DB9500B3B8F7 /* Info.plist */ = {isa = PBXFileReference; lastKnownFileType = text.plist.xml; path = Info.plist; sourceTree = "<group>"; };
		C3EC02852527323B00BB9CF3 /* MessageAPI.swift */ = {isa = PBXFileReference; lastKnownFileType = sourcecode.swift; path = MessageAPI.swift; sourceTree = "<group>"; };
		C3FB4CF325003291005B03EB /* ContactsView.swift */ = {isa = PBXFileReference; lastKnownFileType = sourcecode.swift; path = ContactsView.swift; sourceTree = "<group>"; };
		C3FB59C2250A9AD600249D4F /* MapViewModel.swift */ = {isa = PBXFileReference; lastKnownFileType = sourcecode.swift; path = MapViewModel.swift; sourceTree = "<group>"; };
		C3FB59C4250A9E0C00249D4F /* MapView.swift */ = {isa = PBXFileReference; lastKnownFileType = sourcecode.swift; path = MapView.swift; sourceTree = "<group>"; };
		C3FEA567261317C0005CE23D /* CoreDataStore */ = {isa = PBXFileReference; lastKnownFileType = folder; name = CoreDataStore; path = ../../../../../../CoreDataStore; sourceTree = "<group>"; };
/* End PBXFileReference section */

/* Begin PBXFrameworksBuildPhase section */
		C31EF378257FF567009E5ADB /* Frameworks */ = {
			isa = PBXFrameworksBuildPhase;
			buildActionMask = 2147483647;
			files = (
			);
			runOnlyForDeploymentPostprocessing = 0;
		};
		C396CB4F258F357A0039DAF8 /* Frameworks */ = {
			isa = PBXFrameworksBuildPhase;
			buildActionMask = 2147483647;
			files = (
			);
			runOnlyForDeploymentPostprocessing = 0;
		};
		C3E20A5C24B9DB9300B3B8F7 /* Frameworks */ = {
			isa = PBXFrameworksBuildPhase;
			buildActionMask = 2147483647;
			files = (
				C3AB824925F7C63500A90430 /* AddaMeSPM in Frameworks */,
			);
			runOnlyForDeploymentPostprocessing = 0;
		};
/* End PBXFrameworksBuildPhase section */

/* Begin PBXGroup section */
		C31EF37C257FF568009E5ADB /* AddaMeIOSUITests */ = {
			isa = PBXGroup;
			children = (
				C31EF392257FFE41009E5ADB /* SnapshotHelper.swift */,
				C31EF38A257FF7D4009E5ADB /* AddaMeIOSUITests.swift */,
				C31EF389257FF7D3009E5ADB /* Info.plist */,
			);
			path = AddaMeIOSUITests;
			sourceTree = "<group>";
		};
		C331824324F6F7E1001922CE /* Helper */ = {
			isa = PBXGroup;
			children = (
				C39CDF772565363300823D29 /* Keyboard */,
				C34A495A25442D7A00A7562B /* View */,
				C3BBD6102506596000EA004C /* SwiftUIFormHelper */,
				C36AE5BE25016E4D0070B335 /* DateHelper.swift */,
				C343DCB7250F998C001939B0 /* ModalView.swift */,
				C3060C752555C45D00991B5D /* Bundle+Decode.swift */,
			);
			path = Helper;
			sourceTree = "<group>";
		};
		C34A495A25442D7A00A7562B /* View */ = {
			isa = PBXGroup;
			children = (
				C34A495B25442D9100A7562B /* LazyView.swift */,
			);
			path = View;
			sourceTree = "<group>";
		};
		C353CCE02550019700FBAD2C /* Configs */ = {
			isa = PBXGroup;
			children = (
				C357399825F9F0EC00C43C0D /* DevelopmentCopy.xcconfig */,
				C357399725F9F0EB00C43C0D /* ProductionCopy.xcconfig */,
				C353CCE8255001E500FBAD2C /* Development.xcconfig */,
				C3CBEC64255C2B2C0015A688 /* Production.xcconfig */,
			);
			path = Configs;
			sourceTree = "<group>";
		};
		C3605B4B24EEFC31002044C3 /* UserAPI */ = {
			isa = PBXGroup;
			children = (
				C3735AD325741F640034E0F5 /* DeviceAPI.swift */,
				C3605B4C24EEFC4E002044C3 /* AuthAPI.swift */,
				C319ECE7253B431200A77B38 /* UserAPI.swift */,
				C33C66E824F9469B00F02D83 /* RefreshTokenAPI.swift */,
				C3D5BAAA2566962800CE55AF /* AttachmentAPI.swift */,
			);
			path = UserAPI;
			sourceTree = "<group>";
		};
		C3624CA125F6974400FF68BB /* Modules */ = {
			isa = PBXGroup;
			children = (
				C3624DB825F698CD00FF68BB /* Core */,
				C3624DAB25F6983F00FF68BB /* Domain */,
				C3624DB325F698B100FF68BB /* Services */,
				C3624DAE25F6986100FF68BB /* Views */,
			);
			path = Modules;
			sourceTree = "<group>";
		};
		C3624DAB25F6983F00FF68BB /* Domain */ = {
			isa = PBXGroup;
			children = (
				C372FC7925E4186D00A1F1D1 /* AddaMeModels */,
			);
			path = Domain;
			sourceTree = "<group>";
		};
		C3624DAE25F6986100FF68BB /* Views */ = {
			isa = PBXGroup;
			children = (
				C38CF19B2615C71200635943 /* ChatView */,
				C3C3B65526132A5F007786BE /* ContactsView */,
				C325CF8725F153DC00EF20DB /* EventView */,
				C3AF65E025D18FB900B238A6 /* UserView */,
			);
			path = Views;
			sourceTree = "<group>";
		};
		C3624DB325F698B100FF68BB /* Services */ = {
			isa = PBXGroup;
			children = (
				C3D1C7402614B2310055DBBC /* CoreDataClient */,
				C35739B525FA46E900C43C0D /* ContactClient */,
				C35C7D9225C1B91F0064D9C5 /* AttachmentClient */,
				C39BD09825C2F621000A724C /* AuthClient */,
				C3624C9125F26D1D00FF68BB /* ChatClient */,
				C3A6E19625DEBC5600A769CD /* ConversationClient */,
				C35C7C0625C011D90064D9C5 /* EventClient */,
				C35C7C0725C011DA0064D9C5 /* LocationClient */,
				C35C7C0925C011DA0064D9C5 /* PathMonitorClient */,
				C35C7D0325C145150064D9C5 /* UserClient */,
				C372FD0925E585A700A1F1D1 /* WebsocketClient */,
			);
			path = Services;
			sourceTree = "<group>";
		};
		C3624DB825F698CD00FF68BB /* Core */ = {
			isa = PBXGroup;
			children = (
				C3FEA567261317C0005CE23D /* CoreDataStore */,
				C3DDEF0B260C7DB100D8F295 /* CombineContacts */,
				C35C7C7C25C01CE90064D9C5 /* AsyncImageLoder */,
				C35C7D1825C14B960064D9C5 /* FoundationExtension */,
				C38D33E825F69E1300EF2B90 /* FuncNetworking */,
				C3220E1425E7F2BE00535E0E /* InfoPlist */,
				C35C7CA325C067E90064D9C5 /* KeychainService */,
				C302C66825C2AE400008D2D8 /* SwiftUIExtension */,
			);
			path = Core;
			sourceTree = "<group>";
		};
		C364E2B92553FD8A0033E424 /* ExprimentViews */ = {
			isa = PBXGroup;
			children = (
				C36AE5B82500EF2C0070B335 /* TabBarTopView.swift */,
				C3606EF4253A1717008278CE /* Navigation_WithList.swift */,
				C38E2DF52546E69500544867 /* VarticalExample.swift */,
			);
			path = ExprimentViews;
			sourceTree = "<group>";
		};
		C37603CA24F69E04002510EF /* Resources */ = {
			isa = PBXGroup;
			children = (
				C37603D324F69E2D002510EF /* eventResponseData.json */,
				C38485662547FD4900BB3D3A /* chatResponseData.json */,
				C384856C2547FF2700BB3D3A /* conversationResponseData.json */,
				C397713F255D5E8800D3F977 /* contacts.json */,
			);
			path = Resources;
			sourceTree = "<group>";
		};
		C3823CC324D9C806007F6DEA /* API */ = {
			isa = PBXGroup;
			children = (
				C3977145255E842500D3F977 /* ContactAPI */,
				C3A206E9255BE89800A2EB8D /* EventAPI */,
				C3EC02842527321500BB9CF3 /* ChatAPI */,
				C3605B4B24EEFC31002044C3 /* UserAPI */,
				C3CF00F825ADEF2E00017E80 /* FuncNetworking.swift */,
			);
			path = API;
			sourceTree = "<group>";
		};
		C396CB53258F357B0039DAF8 /* AddaMeIOSTests */ = {
			isa = PBXGroup;
			children = (
				C396CB54258F357B0039DAF8 /* AddaMeIOSTests.swift */,
				C396CB56258F357B0039DAF8 /* Info.plist */,
			);
			path = AddaMeIOSTests;
			sourceTree = "<group>";
		};
		C3977145255E842500D3F977 /* ContactAPI */ = {
			isa = PBXGroup;
			children = (
				C3977147255E844F00D3F977 /* ContactAPI.swift */,
			);
			path = ContactAPI;
			sourceTree = "<group>";
		};
		C39CDF772565363300823D29 /* Keyboard */ = {
			isa = PBXGroup;
			children = (
				C3B25A8F250E13F2009A6504 /* KeyboardAdaptive.swift */,
				C3B25A91250E1472009A6504 /* UIResponder+Current.swift */,
				C39CDF742565349E00823D29 /* AdaptsToSoftwareKeyboard.swift */,
			);
			path = Keyboard;
			sourceTree = "<group>";
		};
		C3A206E9255BE89800A2EB8D /* EventAPI */ = {
			isa = PBXGroup;
			children = (
				C33C66EC24F9523500F02D83 /* EventAPI.swift */,
			);
			path = EventAPI;
			sourceTree = "<group>";
		};
		C3B25A8A250D3CF2009A6504 /* Map */ = {
			isa = PBXGroup;
			children = (
				C3FB59C2250A9AD600249D4F /* MapViewModel.swift */,
				C3FB59C4250A9E0C00249D4F /* MapView.swift */,
				C39221CD2556882400BC5268 /* MapViewUI.swift */,
				C3B25A88250D3017009A6504 /* MapSearchView.swift */,
				C39221D025568C4900BC5268 /* LocationQuery.swift */,
				C3B25A86250D29B3009A6504 /* SearchBar.swift */,
				C3D7EF7525150D7C00682E37 /* LocationSearchService.swift */,
				C39221D7255710C000BC5268 /* LocationManager.swift */,
			);
			path = Map;
			sourceTree = "<group>";
		};
		C3B2EF5825484EA30083D549 /* User */ = {
			isa = PBXGroup;
			children = (
				C32D66FA2500225000C40350 /* ContactViewModel.swift */,
				C3FB4CF325003291005B03EB /* ContactsView.swift */,
				C3735AD62574206D0034E0F5 /* DeviceViewModel.swift */,
			);
			path = User;
			sourceTree = "<group>";
		};
		C3BAF3A624FEB7D4001F2E36 /* Frameworks */ = {
			isa = PBXGroup;
			children = (
			);
			name = Frameworks;
			sourceTree = "<group>";
		};
		C3BAF3AA250018AA001F2E36 /* App */ = {
			isa = PBXGroup;
			children = (
				C3E20A6224B9DB9300B3B8F7 /* AppDelegate.swift */,
				C3E20A6424B9DB9300B3B8F7 /* SceneDelegate.swift */,
				C364E2AA2553E9A00033E424 /* SystemServices.swift */,
				C37603C024F65B26002510EF /* AppTabView.swift */,
				C3060C782555D2EF00991B5D /* AppState.swift */,
				C3735AD9257423150034E0F5 /* AppDelegate+PKPushRegistryDelegate.swift */,
				C35C7CE125C06B190064D9C5 /* RootView.swift */,
			);
			path = App;
			sourceTree = "<group>";
		};
		C3BAF3AB250018E1001F2E36 /* Supporting Files */ = {
			isa = PBXGroup;
			children = (
				C3E20A6A24B9DB9500B3B8F7 /* Preview Content */,
				C3E20A6824B9DB9500B3B8F7 /* Assets.xcassets */,
				C36AE5CA2503BBFE0070B335 /* Shape+Extension.swift */,
				C3E20A6D24B9DB9500B3B8F7 /* LaunchScreen.storyboard */,
				C3E20A7024B9DB9500B3B8F7 /* Info.plist */,
				C353CCF32550033200FBAD2C /* Environment.swift */,
			);
			name = "Supporting Files";
			sourceTree = "<group>";
		};
		C3BBD6102506596000EA004C /* SwiftUIFormHelper */ = {
			isa = PBXGroup;
			children = (
				C3BBD6112506597D00EA004C /* KeyboardDismissModifier.swift */,
				C3BBD613250659D400EA004C /* KeyboardOffsetModifier.swift */,
			);
			path = SwiftUIFormHelper;
			sourceTree = "<group>";
		};
		C3E20A5624B9DB9300B3B8F7 = {
			isa = PBXGroup;
			children = (
				C3006D3D24F51E2100D89530 /* PhoneNumberMetadata.json */,
				C3E20A6124B9DB9300B3B8F7 /* AddaMeIOS */,
				C396CB53258F357B0039DAF8 /* AddaMeIOSTests */,
				C31EF37C257FF568009E5ADB /* AddaMeIOSUITests */,
				C3BAF3A624FEB7D4001F2E36 /* Frameworks */,
				C3E20A6024B9DB9300B3B8F7 /* Products */,
			);
			sourceTree = "<group>";
		};
		C3E20A6024B9DB9300B3B8F7 /* Products */ = {
			isa = PBXGroup;
			children = (
				C3E20A5F24B9DB9300B3B8F7 /* AddaMeIOS.app */,
				C31EF37B257FF568009E5ADB /* AddaMeIOSUITests.xctest */,
				C396CB52258F357A0039DAF8 /* AddaMeIOSTests.xctest */,
			);
			name = Products;
			sourceTree = "<group>";
		};
		C3E20A6124B9DB9300B3B8F7 /* AddaMeIOS */ = {
			isa = PBXGroup;
			children = (
				C36D898D257410BA00084AF0 /* AddaMeIOS.entitlements */,
				C3624C9E25F6973100FF68BB /* AddaMeSPM */,
				C3823CC324D9C806007F6DEA /* API */,
				C3BAF3AA250018AA001F2E36 /* App */,
				C353CCE02550019700FBAD2C /* Configs */,
				C364E2B92553FD8A0033E424 /* ExprimentViews */,
				C331824324F6F7E1001922CE /* Helper */,
				C3B25A8A250D3CF2009A6504 /* Map */,
				C3624CA125F6974400FF68BB /* Modules */,
				C37603CA24F69E04002510EF /* Resources */,
				C3BAF3AB250018E1001F2E36 /* Supporting Files */,
				C3B2EF5825484EA30083D549 /* User */,
			);
			path = AddaMeIOS;
			sourceTree = "<group>";
		};
		C3E20A6A24B9DB9500B3B8F7 /* Preview Content */ = {
			isa = PBXGroup;
			children = (
				C3E20A6B24B9DB9500B3B8F7 /* Preview Assets.xcassets */,
			);
			path = "Preview Content";
			sourceTree = "<group>";
		};
		C3EC02842527321500BB9CF3 /* ChatAPI */ = {
			isa = PBXGroup;
			children = (
				C3EC02852527323B00BB9CF3 /* MessageAPI.swift */,
				C3606ED12537728E008278CE /* ConversationAPI.swift */,
			);
			path = ChatAPI;
			sourceTree = "<group>";
		};
/* End PBXGroup section */

/* Begin PBXNativeTarget section */
		C31EF37A257FF567009E5ADB /* AddaMeIOSUITests */ = {
			isa = PBXNativeTarget;
			buildConfigurationList = C31EF382257FF568009E5ADB /* Build configuration list for PBXNativeTarget "AddaMeIOSUITests" */;
			buildPhases = (
				C31EF377257FF567009E5ADB /* Sources */,
				C31EF378257FF567009E5ADB /* Frameworks */,
				C31EF379257FF567009E5ADB /* Resources */,
			);
			buildRules = (
			);
			dependencies = (
				C31EF381257FF568009E5ADB /* PBXTargetDependency */,
			);
			name = AddaMeIOSUITests;
			productName = AddaMeIOSUITests;
			productReference = C31EF37B257FF568009E5ADB /* AddaMeIOSUITests.xctest */;
			productType = "com.apple.product-type.bundle.ui-testing";
		};
		C396CB51258F357A0039DAF8 /* AddaMeIOSTests */ = {
			isa = PBXNativeTarget;
			buildConfigurationList = C396CB59258F357B0039DAF8 /* Build configuration list for PBXNativeTarget "AddaMeIOSTests" */;
			buildPhases = (
				C396CB4E258F357A0039DAF8 /* Sources */,
				C396CB4F258F357A0039DAF8 /* Frameworks */,
				C396CB50258F357A0039DAF8 /* Resources */,
			);
			buildRules = (
			);
			dependencies = (
				C396CB58258F357B0039DAF8 /* PBXTargetDependency */,
			);
			name = AddaMeIOSTests;
			productName = AddaMeIOSTests;
			productReference = C396CB52258F357A0039DAF8 /* AddaMeIOSTests.xctest */;
			productType = "com.apple.product-type.bundle.unit-test";
		};
		C3E20A5E24B9DB9300B3B8F7 /* AddaMeIOS */ = {
			isa = PBXNativeTarget;
			buildConfigurationList = C3E20A8924B9DB9600B3B8F7 /* Build configuration list for PBXNativeTarget "AddaMeIOS" */;
			buildPhases = (
				C3E20A5B24B9DB9300B3B8F7 /* Sources */,
				C3E20A5C24B9DB9300B3B8F7 /* Frameworks */,
				C3E20A5D24B9DB9300B3B8F7 /* Resources */,
				C3006D3C24F5039200D89530 /* Embed Frameworks */,
			);
			buildRules = (
			);
			dependencies = (
			);
			name = AddaMeIOS;
			packageProductDependencies = (
				C3AB824825F7C63500A90430 /* AddaMeSPM */,
			);
			productName = AddaMeIOS;
			productReference = C3E20A5F24B9DB9300B3B8F7 /* AddaMeIOS.app */;
			productType = "com.apple.product-type.application";
		};
/* End PBXNativeTarget section */

/* Begin PBXProject section */
		C3E20A5724B9DB9300B3B8F7 /* Project object */ = {
			isa = PBXProject;
			attributes = {
				KnownAssetTags = (
					New,
				);
				LastSwiftUpdateCheck = 1230;
				LastUpgradeCheck = 1200;
				TargetAttributes = {
					C31EF37A257FF567009E5ADB = {
						CreatedOnToolsVersion = 12.2;
						TestTargetID = C3E20A5E24B9DB9300B3B8F7;
					};
					C396CB51258F357A0039DAF8 = {
						CreatedOnToolsVersion = 12.3;
						TestTargetID = C3E20A5E24B9DB9300B3B8F7;
					};
					C3E20A5E24B9DB9300B3B8F7 = {
						CreatedOnToolsVersion = 12.0;
					};
				};
			};
			buildConfigurationList = C3E20A5A24B9DB9300B3B8F7 /* Build configuration list for PBXProject "AddaMeIOS" */;
			compatibilityVersion = "Xcode 9.3";
			developmentRegion = en;
			hasScannedForEncodings = 0;
			knownRegions = (
				en,
				Base,
			);
			mainGroup = C3E20A5624B9DB9300B3B8F7;
			packageReferences = (
			);
			productRefGroup = C3E20A6024B9DB9300B3B8F7 /* Products */;
			projectDirPath = "";
			projectRoot = "";
			targets = (
				C3E20A5E24B9DB9300B3B8F7 /* AddaMeIOS */,
				C31EF37A257FF567009E5ADB /* AddaMeIOSUITests */,
				C396CB51258F357A0039DAF8 /* AddaMeIOSTests */,
			);
		};
/* End PBXProject section */

/* Begin PBXResourcesBuildPhase section */
		C31EF379257FF567009E5ADB /* Resources */ = {
			isa = PBXResourcesBuildPhase;
			buildActionMask = 2147483647;
			files = (
			);
			runOnlyForDeploymentPostprocessing = 0;
		};
		C396CB50258F357A0039DAF8 /* Resources */ = {
			isa = PBXResourcesBuildPhase;
			buildActionMask = 2147483647;
			files = (
			);
			runOnlyForDeploymentPostprocessing = 0;
		};
		C3E20A5D24B9DB9300B3B8F7 /* Resources */ = {
			isa = PBXResourcesBuildPhase;
			buildActionMask = 2147483647;
			files = (
				C3006D3E24F51E2100D89530 /* PhoneNumberMetadata.json in Resources */,
				C3977140255D5E8800D3F977 /* contacts.json in Resources */,
				C3CBEC65255C2B2C0015A688 /* Production.xcconfig in Resources */,
				C384856D2547FF2700BB3D3A /* conversationResponseData.json in Resources */,
				C37603E024F69E2D002510EF /* eventResponseData.json in Resources */,
				C353CCEA255001E600FBAD2C /* Development.xcconfig in Resources */,
				C357399A25F9F0ED00C43C0D /* DevelopmentCopy.xcconfig in Resources */,
				C3E20A6F24B9DB9500B3B8F7 /* LaunchScreen.storyboard in Resources */,
				C3E20A6C24B9DB9500B3B8F7 /* Preview Assets.xcassets in Resources */,
				C3E20A6924B9DB9500B3B8F7 /* Assets.xcassets in Resources */,
				C357399925F9F0ED00C43C0D /* ProductionCopy.xcconfig in Resources */,
				C38485672547FD4900BB3D3A /* chatResponseData.json in Resources */,
			);
			runOnlyForDeploymentPostprocessing = 0;
		};
/* End PBXResourcesBuildPhase section */

/* Begin PBXSourcesBuildPhase section */
		C31EF377257FF567009E5ADB /* Sources */ = {
			isa = PBXSourcesBuildPhase;
			buildActionMask = 2147483647;
			files = (
				C31EF38C257FF7D4009E5ADB /* AddaMeIOSUITests.swift in Sources */,
				C31EF393257FFE41009E5ADB /* SnapshotHelper.swift in Sources */,
			);
			runOnlyForDeploymentPostprocessing = 0;
		};
		C396CB4E258F357A0039DAF8 /* Sources */ = {
			isa = PBXSourcesBuildPhase;
			buildActionMask = 2147483647;
			files = (
				C396CB55258F357B0039DAF8 /* AddaMeIOSTests.swift in Sources */,
			);
			runOnlyForDeploymentPostprocessing = 0;
		};
		C3E20A5B24B9DB9300B3B8F7 /* Sources */ = {
			isa = PBXSourcesBuildPhase;
			buildActionMask = 2147483647;
			files = (
				C3B25A92250E1472009A6504 /* UIResponder+Current.swift in Sources */,
				C3735AD72574206D0034E0F5 /* DeviceViewModel.swift in Sources */,
				C3B25A90250E13F2009A6504 /* KeyboardAdaptive.swift in Sources */,
				C32D66FB2500225000C40350 /* ContactViewModel.swift in Sources */,
				C39CDF75256534A000823D29 /* AdaptsToSoftwareKeyboard.swift in Sources */,
				C36AE5CB2503BBFE0070B335 /* Shape+Extension.swift in Sources */,
				C3B25A89250D3017009A6504 /* MapSearchView.swift in Sources */,
				C3606ED22537728E008278CE /* ConversationAPI.swift in Sources */,
				C3735AD425741F640034E0F5 /* DeviceAPI.swift in Sources */,
				C353CCF42550033200FBAD2C /* Environment.swift in Sources */,
				C3EC02862527323C00BB9CF3 /* MessageAPI.swift in Sources */,
				C33C66E924F9469B00F02D83 /* RefreshTokenAPI.swift in Sources */,
				C3D7EF7625150D7C00682E37 /* LocationSearchService.swift in Sources */,
				C3CF00F925ADEF2E00017E80 /* FuncNetworking.swift in Sources */,
				C34A495C25442D9200A7562B /* LazyView.swift in Sources */,
				C3735ADA257423150034E0F5 /* AppDelegate+PKPushRegistryDelegate.swift in Sources */,
				C39221D125568C4A00BC5268 /* LocationQuery.swift in Sources */,
				C33C66ED24F9523500F02D83 /* EventAPI.swift in Sources */,
				C39221CE2556882400BC5268 /* MapViewUI.swift in Sources */,
				C3605B4D24EEFC4E002044C3 /* AuthAPI.swift in Sources */,
				C39221D8255710C000BC5268 /* LocationManager.swift in Sources */,
				C38E2DF62546E69900544867 /* VarticalExample.swift in Sources */,
				C36AE5BF25016E4D0070B335 /* DateHelper.swift in Sources */,
				C3FB59C5250A9E0C00249D4F /* MapView.swift in Sources */,
				C36400EB25C4414F00A7C819 /* SystemServices.swift in Sources */,
				C3FB4CF425003291005B03EB /* ContactsView.swift in Sources */,
				C319ECE8253B431200A77B38 /* UserAPI.swift in Sources */,
				C3BBD614250659D400EA004C /* KeyboardOffsetModifier.swift in Sources */,
				C3BBD6122506597D00EA004C /* KeyboardDismissModifier.swift in Sources */,
				C3060C792555D2EF00991B5D /* AppState.swift in Sources */,
				C364012A25C7ECDB00A7C819 /* RootView.swift in Sources */,
				C3977148255E844F00D3F977 /* ContactAPI.swift in Sources */,
				C36AE5B92500EF2C0070B335 /* TabBarTopView.swift in Sources */,
				C37603C124F65B26002510EF /* AppTabView.swift in Sources */,
				C3E20A6324B9DB9300B3B8F7 /* AppDelegate.swift in Sources */,
				C3E20A6524B9DB9300B3B8F7 /* SceneDelegate.swift in Sources */,
				C3606EF5253A1717008278CE /* Navigation_WithList.swift in Sources */,
				C343DCB8250F998C001939B0 /* ModalView.swift in Sources */,
				C3FB59C3250A9AD700249D4F /* MapViewModel.swift in Sources */,
				C3B25A87250D29B3009A6504 /* SearchBar.swift in Sources */,
				C3060C762555C45E00991B5D /* Bundle+Decode.swift in Sources */,
				C3D5BAAB2566962800CE55AF /* AttachmentAPI.swift in Sources */,
			);
			runOnlyForDeploymentPostprocessing = 0;
		};
/* End PBXSourcesBuildPhase section */

/* Begin PBXTargetDependency section */
		C31EF381257FF568009E5ADB /* PBXTargetDependency */ = {
			isa = PBXTargetDependency;
			target = C3E20A5E24B9DB9300B3B8F7 /* AddaMeIOS */;
			targetProxy = C31EF380257FF568009E5ADB /* PBXContainerItemProxy */;
		};
		C396CB58258F357B0039DAF8 /* PBXTargetDependency */ = {
			isa = PBXTargetDependency;
			target = C3E20A5E24B9DB9300B3B8F7 /* AddaMeIOS */;
			targetProxy = C396CB57258F357B0039DAF8 /* PBXContainerItemProxy */;
		};
/* End PBXTargetDependency section */

/* Begin PBXVariantGroup section */
		C3E20A6D24B9DB9500B3B8F7 /* LaunchScreen.storyboard */ = {
			isa = PBXVariantGroup;
			children = (
				C3E20A6E24B9DB9500B3B8F7 /* Base */,
			);
			name = LaunchScreen.storyboard;
			sourceTree = "<group>";
		};
/* End PBXVariantGroup section */

/* Begin XCBuildConfiguration section */
		C31EF383257FF568009E5ADB /* Debug */ = {
			isa = XCBuildConfiguration;
			buildSettings = {
				CODE_SIGN_STYLE = Automatic;
				DEVELOPMENT_TEAM = 6989658CU5;
				INFOPLIST_FILE = AddaMeIOSUITests/Info.plist;
				IPHONEOS_DEPLOYMENT_TARGET = 14.2;
				LD_RUNPATH_SEARCH_PATHS = (
					"$(inherited)",
					"@executable_path/Frameworks",
					"@loader_path/Frameworks",
				);
				PRODUCT_BUNDLE_IDENTIFIER = com.addame.AddaMeIOSUITests;
				PRODUCT_NAME = "$(TARGET_NAME)";
				SWIFT_VERSION = 5.0;
				TARGETED_DEVICE_FAMILY = "1,2";
				TEST_TARGET_NAME = AddaMeIOS;
			};
			name = Debug;
		};
		C31EF384257FF568009E5ADB /* Release */ = {
			isa = XCBuildConfiguration;
			buildSettings = {
				CODE_SIGN_STYLE = Automatic;
				DEVELOPMENT_TEAM = 6989658CU5;
				INFOPLIST_FILE = AddaMeIOSUITests/Info.plist;
				IPHONEOS_DEPLOYMENT_TARGET = 14.2;
				LD_RUNPATH_SEARCH_PATHS = (
					"$(inherited)",
					"@executable_path/Frameworks",
					"@loader_path/Frameworks",
				);
				PRODUCT_BUNDLE_IDENTIFIER = com.addame.AddaMeIOSUITests;
				PRODUCT_NAME = "$(TARGET_NAME)";
				SWIFT_VERSION = 5.0;
				TARGETED_DEVICE_FAMILY = "1,2";
				TEST_TARGET_NAME = AddaMeIOS;
			};
			name = Release;
		};
		C396CB5A258F357B0039DAF8 /* Debug */ = {
			isa = XCBuildConfiguration;
			buildSettings = {
				BUNDLE_LOADER = "$(TEST_HOST)";
				CODE_SIGN_STYLE = Automatic;
				DEVELOPMENT_TEAM = 6989658CU5;
				INFOPLIST_FILE = AddaMeIOSTests/Info.plist;
				IPHONEOS_DEPLOYMENT_TARGET = 14.3;
				LD_RUNPATH_SEARCH_PATHS = (
					"$(inherited)",
					"@executable_path/Frameworks",
					"@loader_path/Frameworks",
				);
				PRODUCT_BUNDLE_IDENTIFIER = com.addame.AddaMeIOSTests;
				PRODUCT_NAME = "$(TARGET_NAME)";
				SWIFT_VERSION = 5.0;
				TARGETED_DEVICE_FAMILY = "1,2";
				TEST_HOST = "$(BUILT_PRODUCTS_DIR)/AddaMeIOS.app/AddaMeIOS";
			};
			name = Debug;
		};
		C396CB5B258F357B0039DAF8 /* Release */ = {
			isa = XCBuildConfiguration;
			buildSettings = {
				BUNDLE_LOADER = "$(TEST_HOST)";
				CODE_SIGN_STYLE = Automatic;
				DEVELOPMENT_TEAM = 6989658CU5;
				INFOPLIST_FILE = AddaMeIOSTests/Info.plist;
				IPHONEOS_DEPLOYMENT_TARGET = 14.3;
				LD_RUNPATH_SEARCH_PATHS = (
					"$(inherited)",
					"@executable_path/Frameworks",
					"@loader_path/Frameworks",
				);
				PRODUCT_BUNDLE_IDENTIFIER = com.addame.AddaMeIOSTests;
				PRODUCT_NAME = "$(TARGET_NAME)";
				SWIFT_VERSION = 5.0;
				TARGETED_DEVICE_FAMILY = "1,2";
				TEST_HOST = "$(BUILT_PRODUCTS_DIR)/AddaMeIOS.app/AddaMeIOS";
			};
			name = Release;
		};
		C3E20A8724B9DB9600B3B8F7 /* Debug */ = {
			isa = XCBuildConfiguration;
			baseConfigurationReference = C353CCE8255001E500FBAD2C /* Development.xcconfig */;
			buildSettings = {
				ALWAYS_SEARCH_USER_PATHS = NO;
				CLANG_ANALYZER_NONNULL = YES;
				CLANG_ANALYZER_NUMBER_OBJECT_CONVERSION = YES_AGGRESSIVE;
				CLANG_CXX_LANGUAGE_STANDARD = "gnu++14";
				CLANG_CXX_LIBRARY = "libc++";
				CLANG_ENABLE_MODULES = YES;
				CLANG_ENABLE_OBJC_ARC = YES;
				CLANG_ENABLE_OBJC_WEAK = YES;
				CLANG_WARN_BLOCK_CAPTURE_AUTORELEASING = YES;
				CLANG_WARN_BOOL_CONVERSION = YES;
				CLANG_WARN_COMMA = YES;
				CLANG_WARN_CONSTANT_CONVERSION = YES;
				CLANG_WARN_DEPRECATED_OBJC_IMPLEMENTATIONS = YES;
				CLANG_WARN_DIRECT_OBJC_ISA_USAGE = YES_ERROR;
				CLANG_WARN_DOCUMENTATION_COMMENTS = YES;
				CLANG_WARN_EMPTY_BODY = YES;
				CLANG_WARN_ENUM_CONVERSION = YES;
				CLANG_WARN_INFINITE_RECURSION = YES;
				CLANG_WARN_INT_CONVERSION = YES;
				CLANG_WARN_NON_LITERAL_NULL_CONVERSION = YES;
				CLANG_WARN_OBJC_IMPLICIT_RETAIN_SELF = YES;
				CLANG_WARN_OBJC_LITERAL_CONVERSION = YES;
				CLANG_WARN_OBJC_ROOT_CLASS = YES_ERROR;
				CLANG_WARN_QUOTED_INCLUDE_IN_FRAMEWORK_HEADER = YES;
				CLANG_WARN_RANGE_LOOP_ANALYSIS = YES;
				CLANG_WARN_STRICT_PROTOTYPES = YES;
				CLANG_WARN_SUSPICIOUS_MOVE = YES;
				CLANG_WARN_UNGUARDED_AVAILABILITY = YES_AGGRESSIVE;
				CLANG_WARN_UNREACHABLE_CODE = YES;
				CLANG_WARN__DUPLICATE_METHOD_MATCH = YES;
				COPY_PHASE_STRIP = NO;
				CURRENT_PROJECT_VERSION = 34;
				DEBUG_INFORMATION_FORMAT = dwarf;
				DYLIB_CURRENT_VERSION = 34;
				ENABLE_BITCODE = NO;
				ENABLE_STRICT_OBJC_MSGSEND = YES;
				ENABLE_TESTABILITY = YES;
				ENABLE_TESTING_SEARCH_PATHS = YES;
				EXCLUDED_ARCHS = arm64;
				GCC_C_LANGUAGE_STANDARD = gnu11;
				GCC_DYNAMIC_NO_PIC = NO;
				GCC_NO_COMMON_BLOCKS = YES;
				GCC_OPTIMIZATION_LEVEL = 0;
				GCC_PREPROCESSOR_DEFINITIONS = (
					"DEBUG=1",
					"$(inherited)",
				);
				GCC_WARN_64_TO_32_BIT_CONVERSION = YES;
				GCC_WARN_ABOUT_RETURN_TYPE = YES_ERROR;
				GCC_WARN_UNDECLARED_SELECTOR = YES;
				GCC_WARN_UNINITIALIZED_AUTOS = YES_AGGRESSIVE;
				GCC_WARN_UNUSED_FUNCTION = YES;
				GCC_WARN_UNUSED_VARIABLE = YES;
				IPHONEOS_DEPLOYMENT_TARGET = 14.0;
				MTL_ENABLE_DEBUG_INFO = INCLUDE_SOURCE;
				MTL_FAST_MATH = YES;
				ONLY_ACTIVE_ARCH = YES;
				SDKROOT = iphoneos;
				SWIFT_ACTIVE_COMPILATION_CONDITIONS = DEBUG;
				SWIFT_COMPILATION_MODE = wholemodule;
				SWIFT_OPTIMIZATION_LEVEL = "-Onone";
				SWIFT_VERSION = 5.0;
				VERSIONING_SYSTEM = "apple-generic";
			};
			name = Debug;
		};
		C3E20A8824B9DB9600B3B8F7 /* Release */ = {
			isa = XCBuildConfiguration;
			baseConfigurationReference = C3CBEC64255C2B2C0015A688 /* Production.xcconfig */;
			buildSettings = {
				ALWAYS_SEARCH_USER_PATHS = NO;
				CLANG_ANALYZER_NONNULL = YES;
				CLANG_ANALYZER_NUMBER_OBJECT_CONVERSION = YES_AGGRESSIVE;
				CLANG_CXX_LANGUAGE_STANDARD = "gnu++14";
				CLANG_CXX_LIBRARY = "libc++";
				CLANG_ENABLE_MODULES = YES;
				CLANG_ENABLE_OBJC_ARC = YES;
				CLANG_ENABLE_OBJC_WEAK = YES;
				CLANG_WARN_BLOCK_CAPTURE_AUTORELEASING = YES;
				CLANG_WARN_BOOL_CONVERSION = YES;
				CLANG_WARN_COMMA = YES;
				CLANG_WARN_CONSTANT_CONVERSION = YES;
				CLANG_WARN_DEPRECATED_OBJC_IMPLEMENTATIONS = YES;
				CLANG_WARN_DIRECT_OBJC_ISA_USAGE = YES_ERROR;
				CLANG_WARN_DOCUMENTATION_COMMENTS = YES;
				CLANG_WARN_EMPTY_BODY = YES;
				CLANG_WARN_ENUM_CONVERSION = YES;
				CLANG_WARN_INFINITE_RECURSION = YES;
				CLANG_WARN_INT_CONVERSION = YES;
				CLANG_WARN_NON_LITERAL_NULL_CONVERSION = YES;
				CLANG_WARN_OBJC_IMPLICIT_RETAIN_SELF = YES;
				CLANG_WARN_OBJC_LITERAL_CONVERSION = YES;
				CLANG_WARN_OBJC_ROOT_CLASS = YES_ERROR;
				CLANG_WARN_QUOTED_INCLUDE_IN_FRAMEWORK_HEADER = YES;
				CLANG_WARN_RANGE_LOOP_ANALYSIS = YES;
				CLANG_WARN_STRICT_PROTOTYPES = YES;
				CLANG_WARN_SUSPICIOUS_MOVE = YES;
				CLANG_WARN_UNGUARDED_AVAILABILITY = YES_AGGRESSIVE;
				CLANG_WARN_UNREACHABLE_CODE = YES;
				CLANG_WARN__DUPLICATE_METHOD_MATCH = YES;
				COPY_PHASE_STRIP = NO;
				CURRENT_PROJECT_VERSION = 34;
				DEBUG_INFORMATION_FORMAT = "dwarf-with-dsym";
				DYLIB_CURRENT_VERSION = 34;
				ENABLE_BITCODE = NO;
				ENABLE_NS_ASSERTIONS = NO;
				ENABLE_STRICT_OBJC_MSGSEND = YES;
				ENABLE_TESTING_SEARCH_PATHS = NO;
				EXCLUDED_ARCHS = arm64;
				GCC_C_LANGUAGE_STANDARD = gnu11;
				GCC_NO_COMMON_BLOCKS = YES;
				GCC_OPTIMIZATION_LEVEL = s;
				GCC_WARN_64_TO_32_BIT_CONVERSION = YES;
				GCC_WARN_ABOUT_RETURN_TYPE = YES_ERROR;
				GCC_WARN_UNDECLARED_SELECTOR = YES;
				GCC_WARN_UNINITIALIZED_AUTOS = YES_AGGRESSIVE;
				GCC_WARN_UNUSED_FUNCTION = YES;
				GCC_WARN_UNUSED_VARIABLE = YES;
				IPHONEOS_DEPLOYMENT_TARGET = 14.0;
				MTL_ENABLE_DEBUG_INFO = NO;
				MTL_FAST_MATH = YES;
				SDKROOT = iphoneos;
				SWIFT_COMPILATION_MODE = wholemodule;
				SWIFT_OPTIMIZATION_LEVEL = "-O";
				SWIFT_VERSION = 5.0;
				VALIDATE_PRODUCT = YES;
				VERSIONING_SYSTEM = "apple-generic";
			};
			name = Release;
		};
		C3E20A8A24B9DB9600B3B8F7 /* Debug */ = {
			isa = XCBuildConfiguration;
			baseConfigurationReference = C353CCE8255001E500FBAD2C /* Development.xcconfig */;
			buildSettings = {
				ALWAYS_EMBED_SWIFT_STANDARD_LIBRARIES = YES;
				ARCHS = "$(ARCHS_STANDARD)";
				ASSETCATALOG_COMPILER_APPICON_NAME = AppIcon;
				ASSETCATALOG_COMPILER_GLOBAL_ACCENT_COLOR_NAME = AccentColor;
				CODE_SIGN_ENTITLEMENTS = AddaMeIOS/AddaMeIOS.entitlements;
				CODE_SIGN_IDENTITY = "Apple Development";
				CODE_SIGN_STYLE = Automatic;
				CURRENT_PROJECT_VERSION = 35;
				DEVELOPMENT_ASSET_PATHS = "\"AddaMeIOS/Preview Content\"";
				DEVELOPMENT_TEAM = 6989658CU5;
				ENABLE_PREVIEWS = YES;
				EXCLUDED_ARCHS = "";
				INFOPLIST_FILE = AddaMeIOS/Info.plist;
				IPHONEOS_DEPLOYMENT_TARGET = 14.1;
				LD_RUNPATH_SEARCH_PATHS = (
					"$(inherited)",
					"@executable_path/Frameworks",
					"@loader_path/Frameworks",
				);
				MACOSX_DEPLOYMENT_TARGET = 10.15;
				MARKETING_VERSION = 1.1;
				ONLY_ACTIVE_ARCH = YES;
				PRODUCT_BUNDLE_IDENTIFIER = com.addame.AddaMeIOS;
				PRODUCT_NAME = "$(TARGET_NAME)";
				PROVISIONING_PROFILE_SPECIFIER = "";
				SWIFT_VERSION = 5.0;
				TARGETED_DEVICE_FAMILY = "1,2";
				VALIDATE_PRODUCT = NO;
				VALIDATE_WORKSPACE = NO;
				VERSIONING_SYSTEM = "apple-generic";
			};
			name = Debug;
		};
		C3E20A8B24B9DB9600B3B8F7 /* Release */ = {
			isa = XCBuildConfiguration;
			baseConfigurationReference = C3CBEC64255C2B2C0015A688 /* Production.xcconfig */;
			buildSettings = {
				ALWAYS_EMBED_SWIFT_STANDARD_LIBRARIES = YES;
				ARCHS = "$(ARCHS_STANDARD)";
				ASSETCATALOG_COMPILER_APPICON_NAME = AppIcon;
				ASSETCATALOG_COMPILER_GLOBAL_ACCENT_COLOR_NAME = AccentColor;
				CODE_SIGN_ENTITLEMENTS = AddaMeIOS/AddaMeIOS.entitlements;
				CODE_SIGN_IDENTITY = "Apple Development";
				CODE_SIGN_STYLE = Automatic;
				CURRENT_PROJECT_VERSION = 35;
				DEVELOPMENT_ASSET_PATHS = "\"AddaMeIOS/Preview Content\"";
				DEVELOPMENT_TEAM = 6989658CU5;
				ENABLE_PREVIEWS = YES;
				EXCLUDED_ARCHS = "";
				INFOPLIST_FILE = AddaMeIOS/Info.plist;
				IPHONEOS_DEPLOYMENT_TARGET = 14.1;
				LD_RUNPATH_SEARCH_PATHS = (
					"$(inherited)",
					"@executable_path/Frameworks",
					"@loader_path/Frameworks",
				);
				MACOSX_DEPLOYMENT_TARGET = 10.15;
				MARKETING_VERSION = 1.1;
				ONLY_ACTIVE_ARCH = YES;
				PRODUCT_BUNDLE_IDENTIFIER = com.addame.AddaMeIOS;
				PRODUCT_NAME = "$(TARGET_NAME)";
				PROVISIONING_PROFILE_SPECIFIER = "";
				SWIFT_VERSION = 5.0;
				TARGETED_DEVICE_FAMILY = "1,2";
				VALIDATE_WORKSPACE = NO;
				VERSIONING_SYSTEM = "apple-generic";
			};
			name = Release;
		};
/* End XCBuildConfiguration section */

/* Begin XCConfigurationList section */
		C31EF382257FF568009E5ADB /* Build configuration list for PBXNativeTarget "AddaMeIOSUITests" */ = {
			isa = XCConfigurationList;
			buildConfigurations = (
				C31EF383257FF568009E5ADB /* Debug */,
				C31EF384257FF568009E5ADB /* Release */,
			);
			defaultConfigurationIsVisible = 0;
			defaultConfigurationName = Release;
		};
		C396CB59258F357B0039DAF8 /* Build configuration list for PBXNativeTarget "AddaMeIOSTests" */ = {
			isa = XCConfigurationList;
			buildConfigurations = (
				C396CB5A258F357B0039DAF8 /* Debug */,
				C396CB5B258F357B0039DAF8 /* Release */,
			);
			defaultConfigurationIsVisible = 0;
			defaultConfigurationName = Release;
		};
		C3E20A5A24B9DB9300B3B8F7 /* Build configuration list for PBXProject "AddaMeIOS" */ = {
			isa = XCConfigurationList;
			buildConfigurations = (
				C3E20A8724B9DB9600B3B8F7 /* Debug */,
				C3E20A8824B9DB9600B3B8F7 /* Release */,
			);
			defaultConfigurationIsVisible = 0;
			defaultConfigurationName = Release;
		};
		C3E20A8924B9DB9600B3B8F7 /* Build configuration list for PBXNativeTarget "AddaMeIOS" */ = {
			isa = XCConfigurationList;
			buildConfigurations = (
				C3E20A8A24B9DB9600B3B8F7 /* Debug */,
				C3E20A8B24B9DB9600B3B8F7 /* Release */,
			);
			defaultConfigurationIsVisible = 0;
			defaultConfigurationName = Release;
		};
/* End XCConfigurationList section */

/* Begin XCSwiftPackageProductDependency section */
		C3AB824825F7C63500A90430 /* AddaMeSPM */ = {
			isa = XCSwiftPackageProductDependency;
			productName = AddaMeSPM;
		};
/* End XCSwiftPackageProductDependency section */
	};
	rootObject = C3E20A5724B9DB9300B3B8F7 /* Project object */;
}
